// !$*UTF8*$!
{
	archiveVersion = 1;
	classes = {
	};
	objectVersion = 50;
	objects = {

/* Begin PBXBuildFile section */
		3DC32C9F2275E41800F5D857 /* NSOrderedSet+MiSafe.m in Sources */ = {isa = PBXBuildFile; fileRef = 3DC32C9E2275E41800F5D857 /* NSOrderedSet+MiSafe.m */; };
		AA0BB943226DAFE60057DD77 /* NSDictionary+MiSafe.m in Sources */ = {isa = PBXBuildFile; fileRef = AA0BB942226DAFE60057DD77 /* NSDictionary+MiSafe.m */; };
		AA0BB948226EC4FE0057DD77 /* NSAttributedString+MiSafe.m in Sources */ = {isa = PBXBuildFile; fileRef = AA0BB947226EC4FE0057DD77 /* NSAttributedString+MiSafe.m */; };
		AA0BB94B226EF3720057DD77 /* NSString+MiSafe.m in Sources */ = {isa = PBXBuildFile; fileRef = AA0BB94A226EF3720057DD77 /* NSString+MiSafe.m */; };
		AA0BB952226FF1900057DD77 /* MiSafeApp.m in Sources */ = {isa = PBXBuildFile; fileRef = AA0BB951226FF1900057DD77 /* MiSafeApp.m */; };
		AA0BB955226FFE670057DD77 /* MiSafeModel.m in Sources */ = {isa = PBXBuildFile; fileRef = AA0BB954226FFE670057DD77 /* MiSafeModel.m */; };
		AA0BB959227045B30057DD77 /* StringVC.m in Sources */ = {isa = PBXBuildFile; fileRef = AA0BB958227045B30057DD77 /* StringVC.m */; };
		AA0BB95B2270601E0057DD77 /* NSMutableString+MiSafe.m in Sources */ = {isa = PBXBuildFile; fileRef = AA0BB95A2270601E0057DD77 /* NSMutableString+MiSafe.m */; };
		AA0BB95F2271978D0057DD77 /* ArrayVC.m in Sources */ = {isa = PBXBuildFile; fileRef = AA0BB95E2271978D0057DD77 /* ArrayVC.m */; };
		AA0BB9622271979F0057DD77 /* DictVC.m in Sources */ = {isa = PBXBuildFile; fileRef = AA0BB9612271979F0057DD77 /* DictVC.m */; };
		AA0BB9662272B05A0057DD77 /* Person.m in Sources */ = {isa = PBXBuildFile; fileRef = AA0BB9652272B05A0057DD77 /* Person.m */; };
		AA0BB9692272B1A30057DD77 /* TestKVCViewController.m in Sources */ = {isa = PBXBuildFile; fileRef = AA0BB9682272B1A30057DD77 /* TestKVCViewController.m */; };
		AA0BB96C2272B5FC0057DD77 /* Car.m in Sources */ = {isa = PBXBuildFile; fileRef = AA0BB96B2272B5FC0057DD77 /* Car.m */; };
		AA0BB9732272F4080057DD77 /* PersonObserver.m in Sources */ = {isa = PBXBuildFile; fileRef = AA0BB9722272F4080057DD77 /* PersonObserver.m */; };
		AA7DF5FF2269DC2500C29D8D /* AppDelegate.m in Sources */ = {isa = PBXBuildFile; fileRef = AA7DF5FE2269DC2500C29D8D /* AppDelegate.m */; };
		AA7DF6022269DC2500C29D8D /* ViewController.m in Sources */ = {isa = PBXBuildFile; fileRef = AA7DF6012269DC2500C29D8D /* ViewController.m */; };
		AA7DF6052269DC2500C29D8D /* Main.storyboard in Resources */ = {isa = PBXBuildFile; fileRef = AA7DF6032269DC2500C29D8D /* Main.storyboard */; };
		AA7DF6072269DC2600C29D8D /* Assets.xcassets in Resources */ = {isa = PBXBuildFile; fileRef = AA7DF6062269DC2600C29D8D /* Assets.xcassets */; };
		AA7DF60A2269DC2600C29D8D /* LaunchScreen.storyboard in Resources */ = {isa = PBXBuildFile; fileRef = AA7DF6082269DC2600C29D8D /* LaunchScreen.storyboard */; };
		AA7DF60D2269DC2600C29D8D /* main.m in Sources */ = {isa = PBXBuildFile; fileRef = AA7DF60C2269DC2600C29D8D /* main.m */; };
		AA7DF6172269DC2600C29D8D /* MISafeAppDemoTests.m in Sources */ = {isa = PBXBuildFile; fileRef = AA7DF6162269DC2600C29D8D /* MISafeAppDemoTests.m */; };
		AA7DF6222269DC2600C29D8D /* MISafeAppDemoUITests.m in Sources */ = {isa = PBXBuildFile; fileRef = AA7DF6212269DC2600C29D8D /* MISafeAppDemoUITests.m */; };
		AA7DF6322269DC5100C29D8D /* NSArray+MiSafe.m in Sources */ = {isa = PBXBuildFile; fileRef = AA7DF6302269DC5100C29D8D /* NSArray+MiSafe.m */; };
		AA7DF6362269DC6300C29D8D /* NSObject+MiSafe.m in Sources */ = {isa = PBXBuildFile; fileRef = AA7DF6342269DC6300C29D8D /* NSObject+MiSafe.m */; };
		AAFB7F57227549AD00CF84B4 /* NSObject+MiSafeKVO.m in Sources */ = {isa = PBXBuildFile; fileRef = AAFB7F56227549AD00CF84B4 /* NSObject+MiSafeKVO.m */; };
		AAFB7F5A22754CDF00CF84B4 /* NSObject+MiSafeKVC.m in Sources */ = {isa = PBXBuildFile; fileRef = AAFB7F5922754CDF00CF84B4 /* NSObject+MiSafeKVC.m */; };
		AAFB7F5D22759A0100CF84B4 /* UserDefaultVC.m in Sources */ = {isa = PBXBuildFile; fileRef = AAFB7F5C22759A0100CF84B4 /* UserDefaultVC.m */; };
		AAFB7F6122759BFD00CF84B4 /* NSUserDefaults+MiSafe.m in Sources */ = {isa = PBXBuildFile; fileRef = AAFB7F6022759BFD00CF84B4 /* NSUserDefaults+MiSafe.m */; };
		AAFB7F642275A90B00CF84B4 /* NSCache+MiSafe.m in Sources */ = {isa = PBXBuildFile; fileRef = AAFB7F632275A90B00CF84B4 /* NSCache+MiSafe.m */; };
		AAFB7F672275B6A400CF84B4 /* NSSet+MiSafe.m in Sources */ = {isa = PBXBuildFile; fileRef = AAFB7F662275B6A400CF84B4 /* NSSet+MiSafe.m */; };
		AAFB7F6A22768DBA00CF84B4 /* DataVC.m in Sources */ = {isa = PBXBuildFile; fileRef = AAFB7F6922768DBA00CF84B4 /* DataVC.m */; };
		AAFB7F6D22769A2000CF84B4 /* NSData+MiSafe.m in Sources */ = {isa = PBXBuildFile; fileRef = AAFB7F6C22769A2000CF84B4 /* NSData+MiSafe.m */; };
		AAFB7F702276EB4800CF84B4 /* NSNotificationCenter+MiSafe.m in Sources */ = {isa = PBXBuildFile; fileRef = AAFB7F6F2276EB4800CF84B4 /* NSNotificationCenter+MiSafe.m */; };
		AAFB7F762277007200CF84B4 /* NotifiVC.m in Sources */ = {isa = PBXBuildFile; fileRef = AAFB7F752277007200CF84B4 /* NotifiVC.m */; };
/* End PBXBuildFile section */

/* Begin PBXContainerItemProxy section */
		AA7DF6132269DC2600C29D8D /* PBXContainerItemProxy */ = {
			isa = PBXContainerItemProxy;
			containerPortal = AA7DF5F22269DC2500C29D8D /* Project object */;
			proxyType = 1;
			remoteGlobalIDString = AA7DF5F92269DC2500C29D8D;
			remoteInfo = MISafeAppDemo;
		};
		AA7DF61E2269DC2600C29D8D /* PBXContainerItemProxy */ = {
			isa = PBXContainerItemProxy;
			containerPortal = AA7DF5F22269DC2500C29D8D /* Project object */;
			proxyType = 1;
			remoteGlobalIDString = AA7DF5F92269DC2500C29D8D;
			remoteInfo = MISafeAppDemo;
		};
/* End PBXContainerItemProxy section */

/* Begin PBXFileReference section */
		3DC32C9D2275E41800F5D857 /* NSOrderedSet+MiSafe.h */ = {isa = PBXFileReference; lastKnownFileType = sourcecode.c.h; path = "NSOrderedSet+MiSafe.h"; sourceTree = "<group>"; };
		3DC32C9E2275E41800F5D857 /* NSOrderedSet+MiSafe.m */ = {isa = PBXFileReference; lastKnownFileType = sourcecode.c.objc; path = "NSOrderedSet+MiSafe.m"; sourceTree = "<group>"; };
		AA0BB941226DAFE60057DD77 /* NSDictionary+MiSafe.h */ = {isa = PBXFileReference; lastKnownFileType = sourcecode.c.h; path = "NSDictionary+MiSafe.h"; sourceTree = "<group>"; };
		AA0BB942226DAFE60057DD77 /* NSDictionary+MiSafe.m */ = {isa = PBXFileReference; lastKnownFileType = sourcecode.c.objc; path = "NSDictionary+MiSafe.m"; sourceTree = "<group>"; };
		AA0BB946226EC4FE0057DD77 /* NSAttributedString+MiSafe.h */ = {isa = PBXFileReference; lastKnownFileType = sourcecode.c.h; path = "NSAttributedString+MiSafe.h"; sourceTree = "<group>"; };
		AA0BB947226EC4FE0057DD77 /* NSAttributedString+MiSafe.m */ = {isa = PBXFileReference; lastKnownFileType = sourcecode.c.objc; path = "NSAttributedString+MiSafe.m"; sourceTree = "<group>"; };
		AA0BB949226EF3720057DD77 /* NSString+MiSafe.h */ = {isa = PBXFileReference; lastKnownFileType = sourcecode.c.h; path = "NSString+MiSafe.h"; sourceTree = "<group>"; };
		AA0BB94A226EF3720057DD77 /* NSString+MiSafe.m */ = {isa = PBXFileReference; lastKnownFileType = sourcecode.c.objc; path = "NSString+MiSafe.m"; sourceTree = "<group>"; };
		AA0BB950226FF1900057DD77 /* MiSafeApp.h */ = {isa = PBXFileReference; lastKnownFileType = sourcecode.c.h; path = MiSafeApp.h; sourceTree = "<group>"; };
		AA0BB951226FF1900057DD77 /* MiSafeApp.m */ = {isa = PBXFileReference; lastKnownFileType = sourcecode.c.objc; path = MiSafeApp.m; sourceTree = "<group>"; };
		AA0BB953226FFE670057DD77 /* MiSafeModel.h */ = {isa = PBXFileReference; lastKnownFileType = sourcecode.c.h; path = MiSafeModel.h; sourceTree = "<group>"; };
		AA0BB954226FFE670057DD77 /* MiSafeModel.m */ = {isa = PBXFileReference; lastKnownFileType = sourcecode.c.objc; path = MiSafeModel.m; sourceTree = "<group>"; };
		AA0BB956227015D00057DD77 /* MiSafeAppHelper.h */ = {isa = PBXFileReference; lastKnownFileType = sourcecode.c.h; path = MiSafeAppHelper.h; sourceTree = "<group>"; };
		AA0BB957227045B30057DD77 /* StringVC.h */ = {isa = PBXFileReference; lastKnownFileType = sourcecode.c.h; path = StringVC.h; sourceTree = "<group>"; };
		AA0BB958227045B30057DD77 /* StringVC.m */ = {isa = PBXFileReference; lastKnownFileType = sourcecode.c.objc; path = StringVC.m; sourceTree = "<group>"; };
		AA0BB95A2270601E0057DD77 /* NSMutableString+MiSafe.m */ = {isa = PBXFileReference; fileEncoding = 4; lastKnownFileType = sourcecode.c.objc; path = "NSMutableString+MiSafe.m"; sourceTree = "<group>"; };
		AA0BB95C227060460057DD77 /* NSMutableString+MiSafe.h */ = {isa = PBXFileReference; lastKnownFileType = sourcecode.c.h; path = "NSMutableString+MiSafe.h"; sourceTree = "<group>"; };
		AA0BB95D2271978D0057DD77 /* ArrayVC.h */ = {isa = PBXFileReference; lastKnownFileType = sourcecode.c.h; path = ArrayVC.h; sourceTree = "<group>"; };
		AA0BB95E2271978D0057DD77 /* ArrayVC.m */ = {isa = PBXFileReference; lastKnownFileType = sourcecode.c.objc; path = ArrayVC.m; sourceTree = "<group>"; };
		AA0BB9602271979F0057DD77 /* DictVC.h */ = {isa = PBXFileReference; lastKnownFileType = sourcecode.c.h; path = DictVC.h; sourceTree = "<group>"; };
		AA0BB9612271979F0057DD77 /* DictVC.m */ = {isa = PBXFileReference; lastKnownFileType = sourcecode.c.objc; path = DictVC.m; sourceTree = "<group>"; };
		AA0BB9642272B05A0057DD77 /* Person.h */ = {isa = PBXFileReference; lastKnownFileType = sourcecode.c.h; path = Person.h; sourceTree = "<group>"; };
		AA0BB9652272B05A0057DD77 /* Person.m */ = {isa = PBXFileReference; lastKnownFileType = sourcecode.c.objc; path = Person.m; sourceTree = "<group>"; };
		AA0BB9672272B1A30057DD77 /* TestKVCViewController.h */ = {isa = PBXFileReference; lastKnownFileType = sourcecode.c.h; path = TestKVCViewController.h; sourceTree = "<group>"; };
		AA0BB9682272B1A30057DD77 /* TestKVCViewController.m */ = {isa = PBXFileReference; lastKnownFileType = sourcecode.c.objc; path = TestKVCViewController.m; sourceTree = "<group>"; };
		AA0BB96A2272B5FC0057DD77 /* Car.h */ = {isa = PBXFileReference; lastKnownFileType = sourcecode.c.h; path = Car.h; sourceTree = "<group>"; };
		AA0BB96B2272B5FC0057DD77 /* Car.m */ = {isa = PBXFileReference; lastKnownFileType = sourcecode.c.objc; path = Car.m; sourceTree = "<group>"; };
		AA0BB9712272F4080057DD77 /* PersonObserver.h */ = {isa = PBXFileReference; lastKnownFileType = sourcecode.c.h; path = PersonObserver.h; sourceTree = "<group>"; };
		AA0BB9722272F4080057DD77 /* PersonObserver.m */ = {isa = PBXFileReference; lastKnownFileType = sourcecode.c.objc; path = PersonObserver.m; sourceTree = "<group>"; };
		AA7DF5FA2269DC2500C29D8D /* MISafeAppDemo.app */ = {isa = PBXFileReference; explicitFileType = wrapper.application; includeInIndex = 0; path = MISafeAppDemo.app; sourceTree = BUILT_PRODUCTS_DIR; };
		AA7DF5FD2269DC2500C29D8D /* AppDelegate.h */ = {isa = PBXFileReference; lastKnownFileType = sourcecode.c.h; path = AppDelegate.h; sourceTree = "<group>"; };
		AA7DF5FE2269DC2500C29D8D /* AppDelegate.m */ = {isa = PBXFileReference; lastKnownFileType = sourcecode.c.objc; path = AppDelegate.m; sourceTree = "<group>"; };
		AA7DF6002269DC2500C29D8D /* ViewController.h */ = {isa = PBXFileReference; lastKnownFileType = sourcecode.c.h; path = ViewController.h; sourceTree = "<group>"; };
		AA7DF6012269DC2500C29D8D /* ViewController.m */ = {isa = PBXFileReference; lastKnownFileType = sourcecode.c.objc; path = ViewController.m; sourceTree = "<group>"; };
		AA7DF6042269DC2500C29D8D /* Base */ = {isa = PBXFileReference; lastKnownFileType = file.storyboard; name = Base; path = Base.lproj/Main.storyboard; sourceTree = "<group>"; };
		AA7DF6062269DC2600C29D8D /* Assets.xcassets */ = {isa = PBXFileReference; lastKnownFileType = folder.assetcatalog; path = Assets.xcassets; sourceTree = "<group>"; };
		AA7DF6092269DC2600C29D8D /* Base */ = {isa = PBXFileReference; lastKnownFileType = file.storyboard; name = Base; path = Base.lproj/LaunchScreen.storyboard; sourceTree = "<group>"; };
		AA7DF60B2269DC2600C29D8D /* Info.plist */ = {isa = PBXFileReference; lastKnownFileType = text.plist.xml; path = Info.plist; sourceTree = "<group>"; };
		AA7DF60C2269DC2600C29D8D /* main.m */ = {isa = PBXFileReference; lastKnownFileType = sourcecode.c.objc; path = main.m; sourceTree = "<group>"; };
		AA7DF6122269DC2600C29D8D /* MISafeAppDemoTests.xctest */ = {isa = PBXFileReference; explicitFileType = wrapper.cfbundle; includeInIndex = 0; path = MISafeAppDemoTests.xctest; sourceTree = BUILT_PRODUCTS_DIR; };
		AA7DF6162269DC2600C29D8D /* MISafeAppDemoTests.m */ = {isa = PBXFileReference; lastKnownFileType = sourcecode.c.objc; path = MISafeAppDemoTests.m; sourceTree = "<group>"; };
		AA7DF6182269DC2600C29D8D /* Info.plist */ = {isa = PBXFileReference; lastKnownFileType = text.plist.xml; path = Info.plist; sourceTree = "<group>"; };
		AA7DF61D2269DC2600C29D8D /* MISafeAppDemoUITests.xctest */ = {isa = PBXFileReference; explicitFileType = wrapper.cfbundle; includeInIndex = 0; path = MISafeAppDemoUITests.xctest; sourceTree = BUILT_PRODUCTS_DIR; };
		AA7DF6212269DC2600C29D8D /* MISafeAppDemoUITests.m */ = {isa = PBXFileReference; lastKnownFileType = sourcecode.c.objc; path = MISafeAppDemoUITests.m; sourceTree = "<group>"; };
		AA7DF6232269DC2600C29D8D /* Info.plist */ = {isa = PBXFileReference; lastKnownFileType = text.plist.xml; path = Info.plist; sourceTree = "<group>"; };
		AA7DF6302269DC5100C29D8D /* NSArray+MiSafe.m */ = {isa = PBXFileReference; fileEncoding = 4; lastKnownFileType = sourcecode.c.objc; name = "NSArray+MiSafe.m"; path = "../../../../MISafeApp/MISafeApp/container/NSArray+MiSafe.m"; sourceTree = "<group>"; };
		AA7DF6312269DC5100C29D8D /* NSArray+MiSafe.h */ = {isa = PBXFileReference; fileEncoding = 4; lastKnownFileType = sourcecode.c.h; name = "NSArray+MiSafe.h"; path = "../../../../MISafeApp/MISafeApp/container/NSArray+MiSafe.h"; sourceTree = "<group>"; };
		AA7DF6342269DC6300C29D8D /* NSObject+MiSafe.m */ = {isa = PBXFileReference; fileEncoding = 4; lastKnownFileType = sourcecode.c.objc; name = "NSObject+MiSafe.m"; path = "../../../../MISafeApp/MISafeApp/common/NSObject+MiSafe.m"; sourceTree = "<group>"; };
		AA7DF6352269DC6300C29D8D /* NSObject+MiSafe.h */ = {isa = PBXFileReference; fileEncoding = 4; lastKnownFileType = sourcecode.c.h; name = "NSObject+MiSafe.h"; path = "../../../../MISafeApp/MISafeApp/common/NSObject+MiSafe.h"; sourceTree = "<group>"; };
		AAFB7F55227549AD00CF84B4 /* NSObject+MiSafeKVO.h */ = {isa = PBXFileReference; lastKnownFileType = sourcecode.c.h; path = "NSObject+MiSafeKVO.h"; sourceTree = "<group>"; };
		AAFB7F56227549AD00CF84B4 /* NSObject+MiSafeKVO.m */ = {isa = PBXFileReference; lastKnownFileType = sourcecode.c.objc; path = "NSObject+MiSafeKVO.m"; sourceTree = "<group>"; };
		AAFB7F5822754CDF00CF84B4 /* NSObject+MiSafeKVC.h */ = {isa = PBXFileReference; lastKnownFileType = sourcecode.c.h; path = "NSObject+MiSafeKVC.h"; sourceTree = "<group>"; };
		AAFB7F5922754CDF00CF84B4 /* NSObject+MiSafeKVC.m */ = {isa = PBXFileReference; lastKnownFileType = sourcecode.c.objc; path = "NSObject+MiSafeKVC.m"; sourceTree = "<group>"; };
		AAFB7F5B22759A0100CF84B4 /* UserDefaultVC.h */ = {isa = PBXFileReference; lastKnownFileType = sourcecode.c.h; path = UserDefaultVC.h; sourceTree = "<group>"; };
		AAFB7F5C22759A0100CF84B4 /* UserDefaultVC.m */ = {isa = PBXFileReference; lastKnownFileType = sourcecode.c.objc; path = UserDefaultVC.m; sourceTree = "<group>"; };
		AAFB7F5F22759BFD00CF84B4 /* NSUserDefaults+MiSafe.h */ = {isa = PBXFileReference; lastKnownFileType = sourcecode.c.h; path = "NSUserDefaults+MiSafe.h"; sourceTree = "<group>"; };
		AAFB7F6022759BFD00CF84B4 /* NSUserDefaults+MiSafe.m */ = {isa = PBXFileReference; lastKnownFileType = sourcecode.c.objc; path = "NSUserDefaults+MiSafe.m"; sourceTree = "<group>"; };
		AAFB7F622275A90B00CF84B4 /* NSCache+MiSafe.h */ = {isa = PBXFileReference; lastKnownFileType = sourcecode.c.h; path = "NSCache+MiSafe.h"; sourceTree = "<group>"; };
		AAFB7F632275A90B00CF84B4 /* NSCache+MiSafe.m */ = {isa = PBXFileReference; lastKnownFileType = sourcecode.c.objc; path = "NSCache+MiSafe.m"; sourceTree = "<group>"; };
		AAFB7F652275B6A400CF84B4 /* NSSet+MiSafe.h */ = {isa = PBXFileReference; lastKnownFileType = sourcecode.c.h; path = "NSSet+MiSafe.h"; sourceTree = "<group>"; };
		AAFB7F662275B6A400CF84B4 /* NSSet+MiSafe.m */ = {isa = PBXFileReference; lastKnownFileType = sourcecode.c.objc; path = "NSSet+MiSafe.m"; sourceTree = "<group>"; };
		AAFB7F6822768DBA00CF84B4 /* DataVC.h */ = {isa = PBXFileReference; lastKnownFileType = sourcecode.c.h; path = DataVC.h; sourceTree = "<group>"; };
		AAFB7F6922768DBA00CF84B4 /* DataVC.m */ = {isa = PBXFileReference; lastKnownFileType = sourcecode.c.objc; path = DataVC.m; sourceTree = "<group>"; };
		AAFB7F6B22769A2000CF84B4 /* NSData+MiSafe.h */ = {isa = PBXFileReference; lastKnownFileType = sourcecode.c.h; path = "NSData+MiSafe.h"; sourceTree = "<group>"; };
		AAFB7F6C22769A2000CF84B4 /* NSData+MiSafe.m */ = {isa = PBXFileReference; lastKnownFileType = sourcecode.c.objc; path = "NSData+MiSafe.m"; sourceTree = "<group>"; };
		AAFB7F6E2276EB4800CF84B4 /* NSNotificationCenter+MiSafe.h */ = {isa = PBXFileReference; lastKnownFileType = sourcecode.c.h; path = "NSNotificationCenter+MiSafe.h"; sourceTree = "<group>"; };
		AAFB7F6F2276EB4800CF84B4 /* NSNotificationCenter+MiSafe.m */ = {isa = PBXFileReference; lastKnownFileType = sourcecode.c.objc; path = "NSNotificationCenter+MiSafe.m"; sourceTree = "<group>"; };
		AAFB7F742277007200CF84B4 /* NotifiVC.h */ = {isa = PBXFileReference; lastKnownFileType = sourcecode.c.h; path = NotifiVC.h; sourceTree = "<group>"; };
		AAFB7F752277007200CF84B4 /* NotifiVC.m */ = {isa = PBXFileReference; lastKnownFileType = sourcecode.c.objc; path = NotifiVC.m; sourceTree = "<group>"; };
/* End PBXFileReference section */

/* Begin PBXFrameworksBuildPhase section */
		AA7DF5F72269DC2500C29D8D /* Frameworks */ = {
			isa = PBXFrameworksBuildPhase;
			buildActionMask = 2147483647;
			files = (
			);
			runOnlyForDeploymentPostprocessing = 0;
		};
		AA7DF60F2269DC2600C29D8D /* Frameworks */ = {
			isa = PBXFrameworksBuildPhase;
			buildActionMask = 2147483647;
			files = (
			);
			runOnlyForDeploymentPostprocessing = 0;
		};
		AA7DF61A2269DC2600C29D8D /* Frameworks */ = {
			isa = PBXFrameworksBuildPhase;
			buildActionMask = 2147483647;
			files = (
			);
			runOnlyForDeploymentPostprocessing = 0;
		};
/* End PBXFrameworksBuildPhase section */

/* Begin PBXGroup section */
		AA0BB945226EC4BC0057DD77 /* string */ = {
			isa = PBXGroup;
			children = (
				AA0BB946226EC4FE0057DD77 /* NSAttributedString+MiSafe.h */,
				AA0BB947226EC4FE0057DD77 /* NSAttributedString+MiSafe.m */,
				AA0BB949226EF3720057DD77 /* NSString+MiSafe.h */,
				AA0BB94A226EF3720057DD77 /* NSString+MiSafe.m */,
				AA0BB95C227060460057DD77 /* NSMutableString+MiSafe.h */,
				AA0BB95A2270601E0057DD77 /* NSMutableString+MiSafe.m */,
			);
			path = string;
			sourceTree = "<group>";
		};
		AA0BB94F226FF1700057DD77 /* core */ = {
			isa = PBXGroup;
			children = (
				AA0BB950226FF1900057DD77 /* MiSafeApp.h */,
				AA0BB951226FF1900057DD77 /* MiSafeApp.m */,
				AA0BB953226FFE670057DD77 /* MiSafeModel.h */,
				AA0BB954226FFE670057DD77 /* MiSafeModel.m */,
				AA0BB956227015D00057DD77 /* MiSafeAppHelper.h */,
			);
			path = core;
			sourceTree = "<group>";
		};
		AA0BB9632272AFF10057DD77 /* kvckvo */ = {
			isa = PBXGroup;
			children = (
				AA0BB9642272B05A0057DD77 /* Person.h */,
				AA0BB9652272B05A0057DD77 /* Person.m */,
				AA0BB9712272F4080057DD77 /* PersonObserver.h */,
				AA0BB9722272F4080057DD77 /* PersonObserver.m */,
				AA0BB96A2272B5FC0057DD77 /* Car.h */,
				AA0BB96B2272B5FC0057DD77 /* Car.m */,
				AA0BB9672272B1A30057DD77 /* TestKVCViewController.h */,
				AA0BB9682272B1A30057DD77 /* TestKVCViewController.m */,
			);
			path = kvckvo;
			sourceTree = "<group>";
		};
		AA7DF5F12269DC2500C29D8D = {
			isa = PBXGroup;
			children = (
				AA7DF5FC2269DC2500C29D8D /* MISafeAppDemo */,
				AA7DF6152269DC2600C29D8D /* MISafeAppDemoTests */,
				AA7DF6202269DC2600C29D8D /* MISafeAppDemoUITests */,
				AA7DF5FB2269DC2500C29D8D /* Products */,
			);
			sourceTree = "<group>";
		};
		AA7DF5FB2269DC2500C29D8D /* Products */ = {
			isa = PBXGroup;
			children = (
				AA7DF5FA2269DC2500C29D8D /* MISafeAppDemo.app */,
				AA7DF6122269DC2600C29D8D /* MISafeAppDemoTests.xctest */,
				AA7DF61D2269DC2600C29D8D /* MISafeAppDemoUITests.xctest */,
			);
			name = Products;
			sourceTree = "<group>";
		};
		AA7DF5FC2269DC2500C29D8D /* MISafeAppDemo */ = {
			isa = PBXGroup;
			children = (
				AAFB7F5E22759BE000CF84B4 /* foundation */,
				AA0BB94F226FF1700057DD77 /* core */,
				AA0BB945226EC4BC0057DD77 /* string */,
				AA7DF6332269DC5800C29D8D /* common */,
				AA7DF62F2269DC3C00C29D8D /* container */,
				AA7DF5FD2269DC2500C29D8D /* AppDelegate.h */,
				AA7DF5FE2269DC2500C29D8D /* AppDelegate.m */,
				AA7DF6002269DC2500C29D8D /* ViewController.h */,
				AA7DF6012269DC2500C29D8D /* ViewController.m */,
				AA0BB957227045B30057DD77 /* StringVC.h */,
				AA0BB958227045B30057DD77 /* StringVC.m */,
				AA0BB95D2271978D0057DD77 /* ArrayVC.h */,
				AA0BB95E2271978D0057DD77 /* ArrayVC.m */,
				AA0BB9602271979F0057DD77 /* DictVC.h */,
				AA0BB9612271979F0057DD77 /* DictVC.m */,
				AAFB7F5B22759A0100CF84B4 /* UserDefaultVC.h */,
				AAFB7F5C22759A0100CF84B4 /* UserDefaultVC.m */,
				AAFB7F742277007200CF84B4 /* NotifiVC.h */,
				AAFB7F752277007200CF84B4 /* NotifiVC.m */,
				AAFB7F6822768DBA00CF84B4 /* DataVC.h */,
				AAFB7F6922768DBA00CF84B4 /* DataVC.m */,
				AA0BB9632272AFF10057DD77 /* kvckvo */,
				AA7DF6032269DC2500C29D8D /* Main.storyboard */,
				AA7DF6062269DC2600C29D8D /* Assets.xcassets */,
				AA7DF6082269DC2600C29D8D /* LaunchScreen.storyboard */,
				AA7DF60B2269DC2600C29D8D /* Info.plist */,
				AA7DF60C2269DC2600C29D8D /* main.m */,
			);
			path = MISafeAppDemo;
			sourceTree = "<group>";
		};
		AA7DF6152269DC2600C29D8D /* MISafeAppDemoTests */ = {
			isa = PBXGroup;
			children = (
				AA7DF6162269DC2600C29D8D /* MISafeAppDemoTests.m */,
				AA7DF6182269DC2600C29D8D /* Info.plist */,
			);
			path = MISafeAppDemoTests;
			sourceTree = "<group>";
		};
		AA7DF6202269DC2600C29D8D /* MISafeAppDemoUITests */ = {
			isa = PBXGroup;
			children = (
				AA7DF6212269DC2600C29D8D /* MISafeAppDemoUITests.m */,
				AA7DF6232269DC2600C29D8D /* Info.plist */,
			);
			path = MISafeAppDemoUITests;
			sourceTree = "<group>";
		};
		AA7DF62F2269DC3C00C29D8D /* container */ = {
			isa = PBXGroup;
			children = (
				AA7DF6312269DC5100C29D8D /* NSArray+MiSafe.h */,
				AA7DF6302269DC5100C29D8D /* NSArray+MiSafe.m */,
				AA0BB941226DAFE60057DD77 /* NSDictionary+MiSafe.h */,
				AA0BB942226DAFE60057DD77 /* NSDictionary+MiSafe.m */,
				AAFB7F622275A90B00CF84B4 /* NSCache+MiSafe.h */,
				AAFB7F632275A90B00CF84B4 /* NSCache+MiSafe.m */,
				AAFB7F652275B6A400CF84B4 /* NSSet+MiSafe.h */,
				AAFB7F662275B6A400CF84B4 /* NSSet+MiSafe.m */,
				3DC32C9D2275E41800F5D857 /* NSOrderedSet+MiSafe.h */,
				3DC32C9E2275E41800F5D857 /* NSOrderedSet+MiSafe.m */,
				AAFB7F6B22769A2000CF84B4 /* NSData+MiSafe.h */,
				AAFB7F6C22769A2000CF84B4 /* NSData+MiSafe.m */,
			);
			path = container;
			sourceTree = "<group>";
		};
		AA7DF6332269DC5800C29D8D /* common */ = {
			isa = PBXGroup;
			children = (
				AA7DF6352269DC6300C29D8D /* NSObject+MiSafe.h */,
				AA7DF6342269DC6300C29D8D /* NSObject+MiSafe.m */,
				AAFB7F55227549AD00CF84B4 /* NSObject+MiSafeKVO.h */,
				AAFB7F56227549AD00CF84B4 /* NSObject+MiSafeKVO.m */,
				AAFB7F5822754CDF00CF84B4 /* NSObject+MiSafeKVC.h */,
				AAFB7F5922754CDF00CF84B4 /* NSObject+MiSafeKVC.m */,
				AAFB7F6E2276EB4800CF84B4 /* NSNotificationCenter+MiSafe.h */,
				AAFB7F6F2276EB4800CF84B4 /* NSNotificationCenter+MiSafe.m */,
			);
			path = common;
			sourceTree = "<group>";
		};
		AAFB7F5E22759BE000CF84B4 /* foundation */ = {
			isa = PBXGroup;
			children = (
				AAFB7F5F22759BFD00CF84B4 /* NSUserDefaults+MiSafe.h */,
				AAFB7F6022759BFD00CF84B4 /* NSUserDefaults+MiSafe.m */,
			);
			path = foundation;
			sourceTree = "<group>";
		};
/* End PBXGroup section */

/* Begin PBXNativeTarget section */
		AA7DF5F92269DC2500C29D8D /* MISafeAppDemo */ = {
			isa = PBXNativeTarget;
			buildConfigurationList = AA7DF6262269DC2600C29D8D /* Build configuration list for PBXNativeTarget "MISafeAppDemo" */;
			buildPhases = (
				AA7DF5F62269DC2500C29D8D /* Sources */,
				AA7DF5F72269DC2500C29D8D /* Frameworks */,
				AA7DF5F82269DC2500C29D8D /* Resources */,
			);
			buildRules = (
			);
			dependencies = (
			);
			name = MISafeAppDemo;
			productName = MISafeAppDemo;
			productReference = AA7DF5FA2269DC2500C29D8D /* MISafeAppDemo.app */;
			productType = "com.apple.product-type.application";
		};
		AA7DF6112269DC2600C29D8D /* MISafeAppDemoTests */ = {
			isa = PBXNativeTarget;
			buildConfigurationList = AA7DF6292269DC2600C29D8D /* Build configuration list for PBXNativeTarget "MISafeAppDemoTests" */;
			buildPhases = (
				AA7DF60E2269DC2600C29D8D /* Sources */,
				AA7DF60F2269DC2600C29D8D /* Frameworks */,
				AA7DF6102269DC2600C29D8D /* Resources */,
			);
			buildRules = (
			);
			dependencies = (
				AA7DF6142269DC2600C29D8D /* PBXTargetDependency */,
			);
			name = MISafeAppDemoTests;
			productName = MISafeAppDemoTests;
			productReference = AA7DF6122269DC2600C29D8D /* MISafeAppDemoTests.xctest */;
			productType = "com.apple.product-type.bundle.unit-test";
		};
		AA7DF61C2269DC2600C29D8D /* MISafeAppDemoUITests */ = {
			isa = PBXNativeTarget;
			buildConfigurationList = AA7DF62C2269DC2600C29D8D /* Build configuration list for PBXNativeTarget "MISafeAppDemoUITests" */;
			buildPhases = (
				AA7DF6192269DC2600C29D8D /* Sources */,
				AA7DF61A2269DC2600C29D8D /* Frameworks */,
				AA7DF61B2269DC2600C29D8D /* Resources */,
			);
			buildRules = (
			);
			dependencies = (
				AA7DF61F2269DC2600C29D8D /* PBXTargetDependency */,
			);
			name = MISafeAppDemoUITests;
			productName = MISafeAppDemoUITests;
			productReference = AA7DF61D2269DC2600C29D8D /* MISafeAppDemoUITests.xctest */;
			productType = "com.apple.product-type.bundle.ui-testing";
		};
/* End PBXNativeTarget section */

/* Begin PBXProject section */
		AA7DF5F22269DC2500C29D8D /* Project object */ = {
			isa = PBXProject;
			attributes = {
				LastUpgradeCheck = 1000;
				ORGANIZATIONNAME = ucloud;
				TargetAttributes = {
					AA7DF5F92269DC2500C29D8D = {
						CreatedOnToolsVersion = 10.0;
					};
					AA7DF6112269DC2600C29D8D = {
						CreatedOnToolsVersion = 10.0;
						TestTargetID = AA7DF5F92269DC2500C29D8D;
					};
					AA7DF61C2269DC2600C29D8D = {
						CreatedOnToolsVersion = 10.0;
						TestTargetID = AA7DF5F92269DC2500C29D8D;
					};
				};
			};
			buildConfigurationList = AA7DF5F52269DC2500C29D8D /* Build configuration list for PBXProject "MISafeAppDemo" */;
			compatibilityVersion = "Xcode 9.3";
			developmentRegion = en;
			hasScannedForEncodings = 0;
			knownRegions = (
				en,
				Base,
			);
			mainGroup = AA7DF5F12269DC2500C29D8D;
			productRefGroup = AA7DF5FB2269DC2500C29D8D /* Products */;
			projectDirPath = "";
			projectRoot = "";
			targets = (
				AA7DF5F92269DC2500C29D8D /* MISafeAppDemo */,
				AA7DF6112269DC2600C29D8D /* MISafeAppDemoTests */,
				AA7DF61C2269DC2600C29D8D /* MISafeAppDemoUITests */,
			);
		};
/* End PBXProject section */

/* Begin PBXResourcesBuildPhase section */
		AA7DF5F82269DC2500C29D8D /* Resources */ = {
			isa = PBXResourcesBuildPhase;
			buildActionMask = 2147483647;
			files = (
				AA7DF60A2269DC2600C29D8D /* LaunchScreen.storyboard in Resources */,
				AA7DF6072269DC2600C29D8D /* Assets.xcassets in Resources */,
				AA7DF6052269DC2500C29D8D /* Main.storyboard in Resources */,
			);
			runOnlyForDeploymentPostprocessing = 0;
		};
		AA7DF6102269DC2600C29D8D /* Resources */ = {
			isa = PBXResourcesBuildPhase;
			buildActionMask = 2147483647;
			files = (
			);
			runOnlyForDeploymentPostprocessing = 0;
		};
		AA7DF61B2269DC2600C29D8D /* Resources */ = {
			isa = PBXResourcesBuildPhase;
			buildActionMask = 2147483647;
			files = (
			);
			runOnlyForDeploymentPostprocessing = 0;
		};
/* End PBXResourcesBuildPhase section */

/* Begin PBXSourcesBuildPhase section */
		AA7DF5F62269DC2500C29D8D /* Sources */ = {
			isa = PBXSourcesBuildPhase;
			buildActionMask = 2147483647;
			files = (
				AA0BB9622271979F0057DD77 /* DictVC.m in Sources */,
				AA7DF6022269DC2500C29D8D /* ViewController.m in Sources */,
				AAFB7F762277007200CF84B4 /* NotifiVC.m in Sources */,
				AAFB7F57227549AD00CF84B4 /* NSObject+MiSafeKVO.m in Sources */,
				AAFB7F6D22769A2000CF84B4 /* NSData+MiSafe.m in Sources */,
				AAFB7F6A22768DBA00CF84B4 /* DataVC.m in Sources */,
				AAFB7F702276EB4800CF84B4 /* NSNotificationCenter+MiSafe.m in Sources */,
				AA0BB95B2270601E0057DD77 /* NSMutableString+MiSafe.m in Sources */,
				AA0BB95F2271978D0057DD77 /* ArrayVC.m in Sources */,
				AA0BB9732272F4080057DD77 /* PersonObserver.m in Sources */,
				AAFB7F6122759BFD00CF84B4 /* NSUserDefaults+MiSafe.m in Sources */,
				AA0BB959227045B30057DD77 /* StringVC.m in Sources */,
				3DC32C9F2275E41800F5D857 /* NSOrderedSet+MiSafe.m in Sources */,
				AA0BB9692272B1A30057DD77 /* TestKVCViewController.m in Sources */,
				AAFB7F5D22759A0100CF84B4 /* UserDefaultVC.m in Sources */,
				AA0BB943226DAFE60057DD77 /* NSDictionary+MiSafe.m in Sources */,
				AA0BB952226FF1900057DD77 /* MiSafeApp.m in Sources */,
				AA7DF60D2269DC2600C29D8D /* main.m in Sources */,
				AA7DF5FF2269DC2500C29D8D /* AppDelegate.m in Sources */,
				AAFB7F672275B6A400CF84B4 /* NSSet+MiSafe.m in Sources */,
				AA0BB94B226EF3720057DD77 /* NSString+MiSafe.m in Sources */,
				AA7DF6362269DC6300C29D8D /* NSObject+MiSafe.m in Sources */,
				AAFB7F642275A90B00CF84B4 /* NSCache+MiSafe.m in Sources */,
				AA0BB948226EC4FE0057DD77 /* NSAttributedString+MiSafe.m in Sources */,
				AA0BB9662272B05A0057DD77 /* Person.m in Sources */,
				AA0BB96C2272B5FC0057DD77 /* Car.m in Sources */,
				AA0BB955226FFE670057DD77 /* MiSafeModel.m in Sources */,
				AA7DF6322269DC5100C29D8D /* NSArray+MiSafe.m in Sources */,
				AAFB7F5A22754CDF00CF84B4 /* NSObject+MiSafeKVC.m in Sources */,
			);
			runOnlyForDeploymentPostprocessing = 0;
		};
		AA7DF60E2269DC2600C29D8D /* Sources */ = {
			isa = PBXSourcesBuildPhase;
			buildActionMask = 2147483647;
			files = (
				AA7DF6172269DC2600C29D8D /* MISafeAppDemoTests.m in Sources */,
			);
			runOnlyForDeploymentPostprocessing = 0;
		};
		AA7DF6192269DC2600C29D8D /* Sources */ = {
			isa = PBXSourcesBuildPhase;
			buildActionMask = 2147483647;
			files = (
				AA7DF6222269DC2600C29D8D /* MISafeAppDemoUITests.m in Sources */,
			);
			runOnlyForDeploymentPostprocessing = 0;
		};
/* End PBXSourcesBuildPhase section */

/* Begin PBXTargetDependency section */
		AA7DF6142269DC2600C29D8D /* PBXTargetDependency */ = {
			isa = PBXTargetDependency;
			target = AA7DF5F92269DC2500C29D8D /* MISafeAppDemo */;
			targetProxy = AA7DF6132269DC2600C29D8D /* PBXContainerItemProxy */;
		};
		AA7DF61F2269DC2600C29D8D /* PBXTargetDependency */ = {
			isa = PBXTargetDependency;
			target = AA7DF5F92269DC2500C29D8D /* MISafeAppDemo */;
			targetProxy = AA7DF61E2269DC2600C29D8D /* PBXContainerItemProxy */;
		};
/* End PBXTargetDependency section */

/* Begin PBXVariantGroup section */
		AA7DF6032269DC2500C29D8D /* Main.storyboard */ = {
			isa = PBXVariantGroup;
			children = (
				AA7DF6042269DC2500C29D8D /* Base */,
			);
			name = Main.storyboard;
			sourceTree = "<group>";
		};
		AA7DF6082269DC2600C29D8D /* LaunchScreen.storyboard */ = {
			isa = PBXVariantGroup;
			children = (
				AA7DF6092269DC2600C29D8D /* Base */,
			);
			name = LaunchScreen.storyboard;
			sourceTree = "<group>";
		};
/* End PBXVariantGroup section */

/* Begin XCBuildConfiguration section */
		AA7DF6242269DC2600C29D8D /* Debug */ = {
			isa = XCBuildConfiguration;
			buildSettings = {
				ALWAYS_SEARCH_USER_PATHS = NO;
				CLANG_ANALYZER_NONNULL = YES;
				CLANG_ANALYZER_NUMBER_OBJECT_CONVERSION = YES_AGGRESSIVE;
				CLANG_CXX_LANGUAGE_STANDARD = "gnu++14";
				CLANG_CXX_LIBRARY = "libc++";
				CLANG_ENABLE_MODULES = YES;
				CLANG_ENABLE_OBJC_ARC = YES;
				CLANG_ENABLE_OBJC_WEAK = YES;
				CLANG_WARN_BLOCK_CAPTURE_AUTORELEASING = YES;
				CLANG_WARN_BOOL_CONVERSION = YES;
				CLANG_WARN_COMMA = YES;
				CLANG_WARN_CONSTANT_CONVERSION = YES;
				CLANG_WARN_DEPRECATED_OBJC_IMPLEMENTATIONS = YES;
				CLANG_WARN_DIRECT_OBJC_ISA_USAGE = YES_ERROR;
				CLANG_WARN_DOCUMENTATION_COMMENTS = YES;
				CLANG_WARN_EMPTY_BODY = YES;
				CLANG_WARN_ENUM_CONVERSION = YES;
				CLANG_WARN_INFINITE_RECURSION = YES;
				CLANG_WARN_INT_CONVERSION = YES;
				CLANG_WARN_NON_LITERAL_NULL_CONVERSION = YES;
				CLANG_WARN_OBJC_IMPLICIT_RETAIN_SELF = YES;
				CLANG_WARN_OBJC_LITERAL_CONVERSION = YES;
				CLANG_WARN_OBJC_ROOT_CLASS = YES_ERROR;
				CLANG_WARN_RANGE_LOOP_ANALYSIS = YES;
				CLANG_WARN_STRICT_PROTOTYPES = YES;
				CLANG_WARN_SUSPICIOUS_MOVE = YES;
				CLANG_WARN_UNGUARDED_AVAILABILITY = YES_AGGRESSIVE;
				CLANG_WARN_UNREACHABLE_CODE = YES;
				CLANG_WARN__DUPLICATE_METHOD_MATCH = YES;
				CODE_SIGN_IDENTITY = "iPhone Developer";
				COPY_PHASE_STRIP = NO;
				DEBUG_INFORMATION_FORMAT = dwarf;
				ENABLE_STRICT_OBJC_MSGSEND = YES;
				ENABLE_TESTABILITY = YES;
				GCC_C_LANGUAGE_STANDARD = gnu11;
				GCC_DYNAMIC_NO_PIC = NO;
				GCC_NO_COMMON_BLOCKS = YES;
				GCC_OPTIMIZATION_LEVEL = 0;
				GCC_PREPROCESSOR_DEFINITIONS = (
					"DEBUG=1",
					"$(inherited)",
				);
				GCC_WARN_64_TO_32_BIT_CONVERSION = YES;
				GCC_WARN_ABOUT_RETURN_TYPE = YES_ERROR;
				GCC_WARN_UNDECLARED_SELECTOR = YES;
				GCC_WARN_UNINITIALIZED_AUTOS = YES_AGGRESSIVE;
				GCC_WARN_UNUSED_FUNCTION = YES;
				GCC_WARN_UNUSED_VARIABLE = YES;
				IPHONEOS_DEPLOYMENT_TARGET = 12.0;
				MTL_ENABLE_DEBUG_INFO = INCLUDE_SOURCE;
				MTL_FAST_MATH = YES;
				ONLY_ACTIVE_ARCH = YES;
				SDKROOT = iphoneos;
			};
			name = Debug;
		};
		AA7DF6252269DC2600C29D8D /* Release */ = {
			isa = XCBuildConfiguration;
			buildSettings = {
				ALWAYS_SEARCH_USER_PATHS = NO;
				CLANG_ANALYZER_NONNULL = YES;
				CLANG_ANALYZER_NUMBER_OBJECT_CONVERSION = YES_AGGRESSIVE;
				CLANG_CXX_LANGUAGE_STANDARD = "gnu++14";
				CLANG_CXX_LIBRARY = "libc++";
				CLANG_ENABLE_MODULES = YES;
				CLANG_ENABLE_OBJC_ARC = YES;
				CLANG_ENABLE_OBJC_WEAK = YES;
				CLANG_WARN_BLOCK_CAPTURE_AUTORELEASING = YES;
				CLANG_WARN_BOOL_CONVERSION = YES;
				CLANG_WARN_COMMA = YES;
				CLANG_WARN_CONSTANT_CONVERSION = YES;
				CLANG_WARN_DEPRECATED_OBJC_IMPLEMENTATIONS = YES;
				CLANG_WARN_DIRECT_OBJC_ISA_USAGE = YES_ERROR;
				CLANG_WARN_DOCUMENTATION_COMMENTS = YES;
				CLANG_WARN_EMPTY_BODY = YES;
				CLANG_WARN_ENUM_CONVERSION = YES;
				CLANG_WARN_INFINITE_RECURSION = YES;
				CLANG_WARN_INT_CONVERSION = YES;
				CLANG_WARN_NON_LITERAL_NULL_CONVERSION = YES;
				CLANG_WARN_OBJC_IMPLICIT_RETAIN_SELF = YES;
				CLANG_WARN_OBJC_LITERAL_CONVERSION = YES;
				CLANG_WARN_OBJC_ROOT_CLASS = YES_ERROR;
				CLANG_WARN_RANGE_LOOP_ANALYSIS = YES;
				CLANG_WARN_STRICT_PROTOTYPES = YES;
				CLANG_WARN_SUSPICIOUS_MOVE = YES;
				CLANG_WARN_UNGUARDED_AVAILABILITY = YES_AGGRESSIVE;
				CLANG_WARN_UNREACHABLE_CODE = YES;
				CLANG_WARN__DUPLICATE_METHOD_MATCH = YES;
				CODE_SIGN_IDENTITY = "iPhone Developer";
				COPY_PHASE_STRIP = NO;
				DEBUG_INFORMATION_FORMAT = "dwarf-with-dsym";
				ENABLE_NS_ASSERTIONS = NO;
				ENABLE_STRICT_OBJC_MSGSEND = YES;
				GCC_C_LANGUAGE_STANDARD = gnu11;
				GCC_NO_COMMON_BLOCKS = YES;
				GCC_WARN_64_TO_32_BIT_CONVERSION = YES;
				GCC_WARN_ABOUT_RETURN_TYPE = YES_ERROR;
				GCC_WARN_UNDECLARED_SELECTOR = YES;
				GCC_WARN_UNINITIALIZED_AUTOS = YES_AGGRESSIVE;
				GCC_WARN_UNUSED_FUNCTION = YES;
				GCC_WARN_UNUSED_VARIABLE = YES;
				IPHONEOS_DEPLOYMENT_TARGET = 12.0;
				MTL_ENABLE_DEBUG_INFO = NO;
				MTL_FAST_MATH = YES;
				SDKROOT = iphoneos;
				VALIDATE_PRODUCT = YES;
			};
			name = Release;
		};
		AA7DF6272269DC2600C29D8D /* Debug */ = {
			isa = XCBuildConfiguration;
			buildSettings = {
				ASSETCATALOG_COMPILER_APPICON_NAME = AppIcon;
				CODE_SIGN_STYLE = Automatic;
				DEVELOPMENT_TEAM = CFP9KY4MGC;
				INFOPLIST_FILE = MISafeAppDemo/Info.plist;
				IPHONEOS_DEPLOYMENT_TARGET = 8.0;
				LD_RUNPATH_SEARCH_PATHS = (
					"$(inherited)",
					"@executable_path/Frameworks",
				);
				PRODUCT_BUNDLE_IDENTIFIER = cn.ucloud.MISafeAppDemo;
				PRODUCT_NAME = "$(TARGET_NAME)";
				TARGETED_DEVICE_FAMILY = "1,2";
			};
			name = Debug;
		};
		AA7DF6282269DC2600C29D8D /* Release */ = {
			isa = XCBuildConfiguration;
			buildSettings = {
				ASSETCATALOG_COMPILER_APPICON_NAME = AppIcon;
				CODE_SIGN_STYLE = Automatic;
				DEVELOPMENT_TEAM = CFP9KY4MGC;
				INFOPLIST_FILE = MISafeAppDemo/Info.plist;
				IPHONEOS_DEPLOYMENT_TARGET = 8.0;
				LD_RUNPATH_SEARCH_PATHS = (
					"$(inherited)",
					"@executable_path/Frameworks",
				);
				PRODUCT_BUNDLE_IDENTIFIER = cn.ucloud.MISafeAppDemo;
				PRODUCT_NAME = "$(TARGET_NAME)";
				TARGETED_DEVICE_FAMILY = "1,2";
			};
			name = Release;
		};
		AA7DF62A2269DC2600C29D8D /* Debug */ = {
			isa = XCBuildConfiguration;
			buildSettings = {
				BUNDLE_LOADER = "$(TEST_HOST)";
				CODE_SIGN_STYLE = Automatic;
				DEVELOPMENT_TEAM = CFP9KY4MGC;
				INFOPLIST_FILE = MISafeAppDemoTests/Info.plist;
				LD_RUNPATH_SEARCH_PATHS = (
					"$(inherited)",
					"@executable_path/Frameworks",
					"@loader_path/Frameworks",
				);
				PRODUCT_BUNDLE_IDENTIFIER = cn.ucloud.MISafeAppDemoTests;
				PRODUCT_NAME = "$(TARGET_NAME)";
				TARGETED_DEVICE_FAMILY = "1,2";
				TEST_HOST = "$(BUILT_PRODUCTS_DIR)/MISafeAppDemo.app/MISafeAppDemo";
			};
			name = Debug;
		};
		AA7DF62B2269DC2600C29D8D /* Release */ = {
			isa = XCBuildConfiguration;
			buildSettings = {
				BUNDLE_LOADER = "$(TEST_HOST)";
				CODE_SIGN_STYLE = Automatic;
				DEVELOPMENT_TEAM = CFP9KY4MGC;
				INFOPLIST_FILE = MISafeAppDemoTests/Info.plist;
				LD_RUNPATH_SEARCH_PATHS = (
					"$(inherited)",
					"@executable_path/Frameworks",
					"@loader_path/Frameworks",
				);
				PRODUCT_BUNDLE_IDENTIFIER = cn.ucloud.MISafeAppDemoTests;
				PRODUCT_NAME = "$(TARGET_NAME)";
				TARGETED_DEVICE_FAMILY = "1,2";
				TEST_HOST = "$(BUILT_PRODUCTS_DIR)/MISafeAppDemo.app/MISafeAppDemo";
			};
			name = Release;
		};
		AA7DF62D2269DC2600C29D8D /* Debug */ = {
			isa = XCBuildConfiguration;
			buildSettings = {
				CODE_SIGN_STYLE = Automatic;
				DEVELOPMENT_TEAM = CFP9KY4MGC;
				INFOPLIST_FILE = MISafeAppDemoUITests/Info.plist;
				LD_RUNPATH_SEARCH_PATHS = (
					"$(inherited)",
					"@executable_path/Frameworks",
					"@loader_path/Frameworks",
				);
				PRODUCT_BUNDLE_IDENTIFIER = cn.ucloud.MISafeAppDemoUITests;
				PRODUCT_NAME = "$(TARGET_NAME)";
				TARGETED_DEVICE_FAMILY = "1,2";
				TEST_TARGET_NAME = MISafeAppDemo;
			};
			name = Debug;
		};
		AA7DF62E2269DC2600C29D8D /* Release */ = {
			isa = XCBuildConfiguration;
			buildSettings = {
				CODE_SIGN_STYLE = Automatic;
				DEVELOPMENT_TEAM = CFP9KY4MGC;
				INFOPLIST_FILE = MISafeAppDemoUITests/Info.plist;
				LD_RUNPATH_SEARCH_PATHS = (
					"$(inherited)",
					"@executable_path/Frameworks",
					"@loader_path/Frameworks",
				);
				PRODUCT_BUNDLE_IDENTIFIER = cn.ucloud.MISafeAppDemoUITests;
				PRODUCT_NAME = "$(TARGET_NAME)";
				TARGETED_DEVICE_FAMILY = "1,2";
				TEST_TARGET_NAME = MISafeAppDemo;
			};
			name = Release;
		};
/* End XCBuildConfiguration section */

/* Begin XCConfigurationList section */
		AA7DF5F52269DC2500C29D8D /* Build configuration list for PBXProject "MISafeAppDemo" */ = {
			isa = XCConfigurationList;
			buildConfigurations = (
				AA7DF6242269DC2600C29D8D /* Debug */,
				AA7DF6252269DC2600C29D8D /* Release */,
			);
			defaultConfigurationIsVisible = 0;
			defaultConfigurationName = Release;
		};
		AA7DF6262269DC2600C29D8D /* Build configuration list for PBXNativeTarget "MISafeAppDemo" */ = {
			isa = XCConfigurationList;
			buildConfigurations = (
				AA7DF6272269DC2600C29D8D /* Debug */,
				AA7DF6282269DC2600C29D8D /* Release */,
			);
			defaultConfigurationIsVisible = 0;
			defaultConfigurationName = Release;
		};
		AA7DF6292269DC2600C29D8D /* Build configuration list for PBXNativeTarget "MISafeAppDemoTests" */ = {
			isa = XCConfigurationList;
			buildConfigurations = (
				AA7DF62A2269DC2600C29D8D /* Debug */,
				AA7DF62B2269DC2600C29D8D /* Release */,
			);
			defaultConfigurationIsVisible = 0;
			defaultConfigurationName = Release;
		};
		AA7DF62C2269DC2600C29D8D /* Build configuration list for PBXNativeTarget "MISafeAppDemoUITests" */ = {
			isa = XCConfigurationList;
			buildConfigurations = (
				AA7DF62D2269DC2600C29D8D /* Debug */,
				AA7DF62E2269DC2600C29D8D /* Release */,
			);
			defaultConfigurationIsVisible = 0;
			defaultConfigurationName = Release;
		};
/* End XCConfigurationList section */
	};
	rootObject = AA7DF5F22269DC2500C29D8D /* Project object */;
}
