// !$*UTF8*$!
{
	archiveVersion = 1;
	classes = {
	};
	objectVersion = 50;
	objects = {

/* Begin PBXBuildFile section */
		AA633A95228283EC0083DB8F /* NSUserDefaults+MiSafe.h in Headers */ = {isa = PBXBuildFile; fileRef = AA633A93228283EC0083DB8F /* NSUserDefaults+MiSafe.h */; };
		AA633A96228283EC0083DB8F /* NSUserDefaults+MiSafe.m in Sources */ = {isa = PBXBuildFile; fileRef = AA633A94228283EC0083DB8F /* NSUserDefaults+MiSafe.m */; };
		AA633A9E2282852F0083DB8F /* MiSafeApp.h in Headers */ = {isa = PBXBuildFile; fileRef = AA633A992282852F0083DB8F /* MiSafeApp.h */; settings = {ATTRIBUTES = (Public, ); }; };
		AA633A9F2282852F0083DB8F /* MiSafeApp.m in Sources */ = {isa = PBXBuildFile; fileRef = AA633A9A2282852F0083DB8F /* MiSafeApp.m */; };
		AA633AA02282852F0083DB8F /* MiSafeModel.h in Headers */ = {isa = PBXBuildFile; fileRef = AA633A9B2282852F0083DB8F /* MiSafeModel.h */; settings = {ATTRIBUTES = (Public, ); }; };
		AA633AA12282852F0083DB8F /* MiSafeAppHelper.h in Headers */ = {isa = PBXBuildFile; fileRef = AA633A9C2282852F0083DB8F /* MiSafeAppHelper.h */; settings = {ATTRIBUTES = (Public, ); }; };
		AA633AA22282852F0083DB8F /* MiSafeModel.m in Sources */ = {isa = PBXBuildFile; fileRef = AA633A9D2282852F0083DB8F /* MiSafeModel.m */; };
		AA633AAA228285630083DB8F /* NSString+MiSafe.m in Sources */ = {isa = PBXBuildFile; fileRef = AA633AA4228285630083DB8F /* NSString+MiSafe.m */; };
		AA633AAB228285630083DB8F /* NSMutableString+MiSafe.m in Sources */ = {isa = PBXBuildFile; fileRef = AA633AA5228285630083DB8F /* NSMutableString+MiSafe.m */; };
		AA633AAC228285630083DB8F /* NSAttributedString+MiSafe.m in Sources */ = {isa = PBXBuildFile; fileRef = AA633AA6228285630083DB8F /* NSAttributedString+MiSafe.m */; };
		AA633AAD228285630083DB8F /* NSAttributedString+MiSafe.h in Headers */ = {isa = PBXBuildFile; fileRef = AA633AA7228285630083DB8F /* NSAttributedString+MiSafe.h */; };
		AA633AAE228285630083DB8F /* NSMutableString+MiSafe.h in Headers */ = {isa = PBXBuildFile; fileRef = AA633AA8228285630083DB8F /* NSMutableString+MiSafe.h */; };
		AA633AAF228285630083DB8F /* NSString+MiSafe.h in Headers */ = {isa = PBXBuildFile; fileRef = AA633AA9228285630083DB8F /* NSString+MiSafe.h */; };
		AA633AB82282858F0083DB8F /* NSTimer+MiSafe.m in Sources */ = {isa = PBXBuildFile; fileRef = AA633AB02282858E0083DB8F /* NSTimer+MiSafe.m */; };
		AA633AB92282858F0083DB8F /* NSObject+MiSafeKVO.h in Headers */ = {isa = PBXBuildFile; fileRef = AA633AB12282858E0083DB8F /* NSObject+MiSafeKVO.h */; };
		AA633ABA2282858F0083DB8F /* NSObject+MiSafeKVC.h in Headers */ = {isa = PBXBuildFile; fileRef = AA633AB22282858E0083DB8F /* NSObject+MiSafeKVC.h */; };
		AA633ABB2282858F0083DB8F /* NSObject+MiSafeKVC.m in Sources */ = {isa = PBXBuildFile; fileRef = AA633AB32282858E0083DB8F /* NSObject+MiSafeKVC.m */; };
		AA633ABC2282858F0083DB8F /* NSNotificationCenter+MiSafe.h in Headers */ = {isa = PBXBuildFile; fileRef = AA633AB42282858F0083DB8F /* NSNotificationCenter+MiSafe.h */; };
		AA633ABD2282858F0083DB8F /* NSObject+MiSafeKVO.m in Sources */ = {isa = PBXBuildFile; fileRef = AA633AB52282858F0083DB8F /* NSObject+MiSafeKVO.m */; };
		AA633ABE2282858F0083DB8F /* NSNotificationCenter+MiSafe.m in Sources */ = {isa = PBXBuildFile; fileRef = AA633AB62282858F0083DB8F /* NSNotificationCenter+MiSafe.m */; };
		AA633ABF2282858F0083DB8F /* NSTimer+MiSafe.h in Headers */ = {isa = PBXBuildFile; fileRef = AA633AB72282858F0083DB8F /* NSTimer+MiSafe.h */; };
		AA633ACA228285BC0083DB8F /* NSDictionary+MiSafe.m in Sources */ = {isa = PBXBuildFile; fileRef = AA633AC0228285BB0083DB8F /* NSDictionary+MiSafe.m */; };
		AA633ACB228285BC0083DB8F /* NSDictionary+MiSafe.h in Headers */ = {isa = PBXBuildFile; fileRef = AA633AC1228285BB0083DB8F /* NSDictionary+MiSafe.h */; };
		AA633ACC228285BC0083DB8F /* NSOrderedSet+MiSafe.m in Sources */ = {isa = PBXBuildFile; fileRef = AA633AC2228285BB0083DB8F /* NSOrderedSet+MiSafe.m */; };
		AA633ACD228285BC0083DB8F /* NSOrderedSet+MiSafe.h in Headers */ = {isa = PBXBuildFile; fileRef = AA633AC3228285BC0083DB8F /* NSOrderedSet+MiSafe.h */; };
		AA633ACE228285BC0083DB8F /* NSSet+MiSafe.m in Sources */ = {isa = PBXBuildFile; fileRef = AA633AC4228285BC0083DB8F /* NSSet+MiSafe.m */; };
		AA633ACF228285BC0083DB8F /* NSCache+MiSafe.m in Sources */ = {isa = PBXBuildFile; fileRef = AA633AC5228285BC0083DB8F /* NSCache+MiSafe.m */; };
		AA633AD0228285BC0083DB8F /* NSSet+MiSafe.h in Headers */ = {isa = PBXBuildFile; fileRef = AA633AC6228285BC0083DB8F /* NSSet+MiSafe.h */; };
		AA633AD1228285BC0083DB8F /* NSCache+MiSafe.h in Headers */ = {isa = PBXBuildFile; fileRef = AA633AC7228285BC0083DB8F /* NSCache+MiSafe.h */; };
		AA633AD2228285BC0083DB8F /* NSData+MiSafe.h in Headers */ = {isa = PBXBuildFile; fileRef = AA633AC8228285BC0083DB8F /* NSData+MiSafe.h */; };
		AA633AD3228285BC0083DB8F /* NSData+MiSafe.m in Sources */ = {isa = PBXBuildFile; fileRef = AA633AC9228285BC0083DB8F /* NSData+MiSafe.m */; };
		AA7DF5D12269BF3600C29D8D /* MISafeApp.framework in Frameworks */ = {isa = PBXBuildFile; fileRef = AA7DF5C72269BF3600C29D8D /* MISafeApp.framework */; };
		AA7DF5D62269BF3600C29D8D /* MISafeAppTests.m in Sources */ = {isa = PBXBuildFile; fileRef = AA7DF5D52269BF3600C29D8D /* MISafeAppTests.m */; };
		AA7DF5E32269CCCD00C29D8D /* NSArray+MiSafe.h in Headers */ = {isa = PBXBuildFile; fileRef = AA7DF5E12269CCCD00C29D8D /* NSArray+MiSafe.h */; };
		AA7DF5E42269CCCD00C29D8D /* NSArray+MiSafe.m in Headers */ = {isa = PBXBuildFile; fileRef = AA7DF5E22269CCCD00C29D8D /* NSArray+MiSafe.m */; };
		AA7DF5E82269CDF000C29D8D /* NSObject+MiSafe.h in Headers */ = {isa = PBXBuildFile; fileRef = AA7DF5E62269CDF000C29D8D /* NSObject+MiSafe.h */; };
		AA7DF5E92269CDF000C29D8D /* NSObject+MiSafe.m in Sources */ = {isa = PBXBuildFile; fileRef = AA7DF5E72269CDF000C29D8D /* NSObject+MiSafe.m */; };
/* End PBXBuildFile section */

/* Begin PBXContainerItemProxy section */
		AA7DF5D22269BF3600C29D8D /* PBXContainerItemProxy */ = {
			isa = PBXContainerItemProxy;
			containerPortal = AA7DF5BE2269BF3600C29D8D /* Project object */;
			proxyType = 1;
			remoteGlobalIDString = AA7DF5C62269BF3600C29D8D;
			remoteInfo = MISafeApp;
		};
/* End PBXContainerItemProxy section */

/* Begin PBXFileReference section */
		AA633A93228283EC0083DB8F /* NSUserDefaults+MiSafe.h */ = {isa = PBXFileReference; fileEncoding = 4; lastKnownFileType = sourcecode.c.h; path = "NSUserDefaults+MiSafe.h"; sourceTree = "<group>"; };
		AA633A94228283EC0083DB8F /* NSUserDefaults+MiSafe.m */ = {isa = PBXFileReference; fileEncoding = 4; lastKnownFileType = sourcecode.c.objc; path = "NSUserDefaults+MiSafe.m"; sourceTree = "<group>"; };
		AA633A992282852F0083DB8F /* MiSafeApp.h */ = {isa = PBXFileReference; fileEncoding = 4; lastKnownFileType = sourcecode.c.h; path = MiSafeApp.h; sourceTree = "<group>"; };
		AA633A9A2282852F0083DB8F /* MiSafeApp.m */ = {isa = PBXFileReference; fileEncoding = 4; lastKnownFileType = sourcecode.c.objc; path = MiSafeApp.m; sourceTree = "<group>"; };
		AA633A9B2282852F0083DB8F /* MiSafeModel.h */ = {isa = PBXFileReference; fileEncoding = 4; lastKnownFileType = sourcecode.c.h; path = MiSafeModel.h; sourceTree = "<group>"; };
		AA633A9C2282852F0083DB8F /* MiSafeAppHelper.h */ = {isa = PBXFileReference; fileEncoding = 4; lastKnownFileType = sourcecode.c.h; path = MiSafeAppHelper.h; sourceTree = "<group>"; };
		AA633A9D2282852F0083DB8F /* MiSafeModel.m */ = {isa = PBXFileReference; fileEncoding = 4; lastKnownFileType = sourcecode.c.objc; path = MiSafeModel.m; sourceTree = "<group>"; };
		AA633AA4228285630083DB8F /* NSString+MiSafe.m */ = {isa = PBXFileReference; fileEncoding = 4; lastKnownFileType = sourcecode.c.objc; path = "NSString+MiSafe.m"; sourceTree = "<group>"; };
		AA633AA5228285630083DB8F /* NSMutableString+MiSafe.m */ = {isa = PBXFileReference; fileEncoding = 4; lastKnownFileType = sourcecode.c.objc; path = "NSMutableString+MiSafe.m"; sourceTree = "<group>"; };
		AA633AA6228285630083DB8F /* NSAttributedString+MiSafe.m */ = {isa = PBXFileReference; fileEncoding = 4; lastKnownFileType = sourcecode.c.objc; path = "NSAttributedString+MiSafe.m"; sourceTree = "<group>"; };
		AA633AA7228285630083DB8F /* NSAttributedString+MiSafe.h */ = {isa = PBXFileReference; fileEncoding = 4; lastKnownFileType = sourcecode.c.h; path = "NSAttributedString+MiSafe.h"; sourceTree = "<group>"; };
		AA633AA8228285630083DB8F /* NSMutableString+MiSafe.h */ = {isa = PBXFileReference; fileEncoding = 4; lastKnownFileType = sourcecode.c.h; path = "NSMutableString+MiSafe.h"; sourceTree = "<group>"; };
		AA633AA9228285630083DB8F /* NSString+MiSafe.h */ = {isa = PBXFileReference; fileEncoding = 4; lastKnownFileType = sourcecode.c.h; path = "NSString+MiSafe.h"; sourceTree = "<group>"; };
		AA633AB02282858E0083DB8F /* NSTimer+MiSafe.m */ = {isa = PBXFileReference; fileEncoding = 4; lastKnownFileType = sourcecode.c.objc; path = "NSTimer+MiSafe.m"; sourceTree = "<group>"; };
		AA633AB12282858E0083DB8F /* NSObject+MiSafeKVO.h */ = {isa = PBXFileReference; fileEncoding = 4; lastKnownFileType = sourcecode.c.h; path = "NSObject+MiSafeKVO.h"; sourceTree = "<group>"; };
		AA633AB22282858E0083DB8F /* NSObject+MiSafeKVC.h */ = {isa = PBXFileReference; fileEncoding = 4; lastKnownFileType = sourcecode.c.h; path = "NSObject+MiSafeKVC.h"; sourceTree = "<group>"; };
		AA633AB32282858E0083DB8F /* NSObject+MiSafeKVC.m */ = {isa = PBXFileReference; fileEncoding = 4; lastKnownFileType = sourcecode.c.objc; path = "NSObject+MiSafeKVC.m"; sourceTree = "<group>"; };
		AA633AB42282858F0083DB8F /* NSNotificationCenter+MiSafe.h */ = {isa = PBXFileReference; fileEncoding = 4; lastKnownFileType = sourcecode.c.h; path = "NSNotificationCenter+MiSafe.h"; sourceTree = "<group>"; };
		AA633AB52282858F0083DB8F /* NSObject+MiSafeKVO.m */ = {isa = PBXFileReference; fileEncoding = 4; lastKnownFileType = sourcecode.c.objc; path = "NSObject+MiSafeKVO.m"; sourceTree = "<group>"; };
		AA633AB62282858F0083DB8F /* NSNotificationCenter+MiSafe.m */ = {isa = PBXFileReference; fileEncoding = 4; lastKnownFileType = sourcecode.c.objc; path = "NSNotificationCenter+MiSafe.m"; sourceTree = "<group>"; };
		AA633AB72282858F0083DB8F /* NSTimer+MiSafe.h */ = {isa = PBXFileReference; fileEncoding = 4; lastKnownFileType = sourcecode.c.h; path = "NSTimer+MiSafe.h"; sourceTree = "<group>"; };
		AA633AC0228285BB0083DB8F /* NSDictionary+MiSafe.m */ = {isa = PBXFileReference; fileEncoding = 4; lastKnownFileType = sourcecode.c.objc; path = "NSDictionary+MiSafe.m"; sourceTree = "<group>"; };
		AA633AC1228285BB0083DB8F /* NSDictionary+MiSafe.h */ = {isa = PBXFileReference; fileEncoding = 4; lastKnownFileType = sourcecode.c.h; path = "NSDictionary+MiSafe.h"; sourceTree = "<group>"; };
		AA633AC2228285BB0083DB8F /* NSOrderedSet+MiSafe.m */ = {isa = PBXFileReference; fileEncoding = 4; lastKnownFileType = sourcecode.c.objc; path = "NSOrderedSet+MiSafe.m"; sourceTree = "<group>"; };
		AA633AC3228285BC0083DB8F /* NSOrderedSet+MiSafe.h */ = {isa = PBXFileReference; fileEncoding = 4; lastKnownFileType = sourcecode.c.h; path = "NSOrderedSet+MiSafe.h"; sourceTree = "<group>"; };
		AA633AC4228285BC0083DB8F /* NSSet+MiSafe.m */ = {isa = PBXFileReference; fileEncoding = 4; lastKnownFileType = sourcecode.c.objc; path = "NSSet+MiSafe.m"; sourceTree = "<group>"; };
		AA633AC5228285BC0083DB8F /* NSCache+MiSafe.m */ = {isa = PBXFileReference; fileEncoding = 4; lastKnownFileType = sourcecode.c.objc; path = "NSCache+MiSafe.m"; sourceTree = "<group>"; };
		AA633AC6228285BC0083DB8F /* NSSet+MiSafe.h */ = {isa = PBXFileReference; fileEncoding = 4; lastKnownFileType = sourcecode.c.h; path = "NSSet+MiSafe.h"; sourceTree = "<group>"; };
		AA633AC7228285BC0083DB8F /* NSCache+MiSafe.h */ = {isa = PBXFileReference; fileEncoding = 4; lastKnownFileType = sourcecode.c.h; path = "NSCache+MiSafe.h"; sourceTree = "<group>"; };
		AA633AC8228285BC0083DB8F /* NSData+MiSafe.h */ = {isa = PBXFileReference; fileEncoding = 4; lastKnownFileType = sourcecode.c.h; path = "NSData+MiSafe.h"; sourceTree = "<group>"; };
		AA633AC9228285BC0083DB8F /* NSData+MiSafe.m */ = {isa = PBXFileReference; fileEncoding = 4; lastKnownFileType = sourcecode.c.objc; path = "NSData+MiSafe.m"; sourceTree = "<group>"; };
		AA7DF5C72269BF3600C29D8D /* MISafeApp.framework */ = {isa = PBXFileReference; explicitFileType = wrapper.framework; includeInIndex = 0; path = MISafeApp.framework; sourceTree = BUILT_PRODUCTS_DIR; };
		AA7DF5CB2269BF3600C29D8D /* Info.plist */ = {isa = PBXFileReference; lastKnownFileType = text.plist.xml; path = Info.plist; sourceTree = "<group>"; };
		AA7DF5D02269BF3600C29D8D /* MISafeAppTests.xctest */ = {isa = PBXFileReference; explicitFileType = wrapper.cfbundle; includeInIndex = 0; path = MISafeAppTests.xctest; sourceTree = BUILT_PRODUCTS_DIR; };
		AA7DF5D52269BF3600C29D8D /* MISafeAppTests.m */ = {isa = PBXFileReference; lastKnownFileType = sourcecode.c.objc; path = MISafeAppTests.m; sourceTree = "<group>"; };
		AA7DF5D72269BF3600C29D8D /* Info.plist */ = {isa = PBXFileReference; lastKnownFileType = text.plist.xml; path = Info.plist; sourceTree = "<group>"; };
		AA7DF5E12269CCCD00C29D8D /* NSArray+MiSafe.h */ = {isa = PBXFileReference; lastKnownFileType = sourcecode.c.h; path = "NSArray+MiSafe.h"; sourceTree = "<group>"; };
		AA7DF5E22269CCCD00C29D8D /* NSArray+MiSafe.m */ = {isa = PBXFileReference; lastKnownFileType = sourcecode.c.objc; path = "NSArray+MiSafe.m"; sourceTree = "<group>"; };
		AA7DF5E62269CDF000C29D8D /* NSObject+MiSafe.h */ = {isa = PBXFileReference; lastKnownFileType = sourcecode.c.h; path = "NSObject+MiSafe.h"; sourceTree = "<group>"; };
		AA7DF5E72269CDF000C29D8D /* NSObject+MiSafe.m */ = {isa = PBXFileReference; lastKnownFileType = sourcecode.c.objc; path = "NSObject+MiSafe.m"; sourceTree = "<group>"; };
/* End PBXFileReference section */

/* Begin PBXFrameworksBuildPhase section */
		AA7DF5C42269BF3600C29D8D /* Frameworks */ = {
			isa = PBXFrameworksBuildPhase;
			buildActionMask = 2147483647;
			files = (
			);
			runOnlyForDeploymentPostprocessing = 0;
		};
		AA7DF5CD2269BF3600C29D8D /* Frameworks */ = {
			isa = PBXFrameworksBuildPhase;
			buildActionMask = 2147483647;
			files = (
				AA7DF5D12269BF3600C29D8D /* MISafeApp.framework in Frameworks */,
			);
			runOnlyForDeploymentPostprocessing = 0;
		};
/* End PBXFrameworksBuildPhase section */

/* Begin PBXGroup section */
		AA633A97228283F30083DB8F /* obj */ = {
			isa = PBXGroup;
			children = (
				AA7DF5E62269CDF000C29D8D /* NSObject+MiSafe.h */,
				AA7DF5E72269CDF000C29D8D /* NSObject+MiSafe.m */,
				AA633AB22282858E0083DB8F /* NSObject+MiSafeKVC.h */,
				AA633AB32282858E0083DB8F /* NSObject+MiSafeKVC.m */,
				AA633AB12282858E0083DB8F /* NSObject+MiSafeKVO.h */,
				AA633AB52282858F0083DB8F /* NSObject+MiSafeKVO.m */,
			);
			path = obj;
			sourceTree = "<group>";
		};
		AA633A98228285150083DB8F /* public */ = {
			isa = PBXGroup;
			children = (
				AA633A992282852F0083DB8F /* MiSafeApp.h */,
				AA633A9A2282852F0083DB8F /* MiSafeApp.m */,
				AA633A9B2282852F0083DB8F /* MiSafeModel.h */,
				AA633A9D2282852F0083DB8F /* MiSafeModel.m */,
				AA633A9C2282852F0083DB8F /* MiSafeAppHelper.h */,
			);
			path = public;
			sourceTree = "<group>";
		};
		AA633AA3228285460083DB8F /* string */ = {
			isa = PBXGroup;
			children = (
				AA633AA7228285630083DB8F /* NSAttributedString+MiSafe.h */,
				AA633AA6228285630083DB8F /* NSAttributedString+MiSafe.m */,
				AA633AA8228285630083DB8F /* NSMutableString+MiSafe.h */,
				AA633AA5228285630083DB8F /* NSMutableString+MiSafe.m */,
				AA633AA9228285630083DB8F /* NSString+MiSafe.h */,
				AA633AA4228285630083DB8F /* NSString+MiSafe.m */,
			);
			path = string;
			sourceTree = "<group>";
		};
		AA7DF5BD2269BF3600C29D8D = {
			isa = PBXGroup;
			children = (
				AA7DF5C92269BF3600C29D8D /* MISafeApp */,
				AA7DF5D42269BF3600C29D8D /* MISafeAppTests */,
				AA7DF5C82269BF3600C29D8D /* Products */,
			);
			sourceTree = "<group>";
		};
		AA7DF5C82269BF3600C29D8D /* Products */ = {
			isa = PBXGroup;
			children = (
				AA7DF5C72269BF3600C29D8D /* MISafeApp.framework */,
				AA7DF5D02269BF3600C29D8D /* MISafeAppTests.xctest */,
			);
			name = Products;
			sourceTree = "<group>";
		};
		AA7DF5C92269BF3600C29D8D /* MISafeApp */ = {
			isa = PBXGroup;
			children = (
				AA633A98228285150083DB8F /* public */,
				AA633AA3228285460083DB8F /* string */,
				AA633A97228283F30083DB8F /* obj */,
				AA7DF5EA2269CDFC00C29D8D /* common */,
				AA7DF5E52269CCD200C29D8D /* container */,
				AA7DF5CB2269BF3600C29D8D /* Info.plist */,
			);
			path = MISafeApp;
			sourceTree = "<group>";
		};
		AA7DF5D42269BF3600C29D8D /* MISafeAppTests */ = {
			isa = PBXGroup;
			children = (
				AA7DF5D52269BF3600C29D8D /* MISafeAppTests.m */,
				AA7DF5D72269BF3600C29D8D /* Info.plist */,
			);
			path = MISafeAppTests;
			sourceTree = "<group>";
		};
		AA7DF5E52269CCD200C29D8D /* container */ = {
			isa = PBXGroup;
			children = (
				AA7DF5E12269CCCD00C29D8D /* NSArray+MiSafe.h */,
				AA7DF5E22269CCCD00C29D8D /* NSArray+MiSafe.m */,
				AA633AC7228285BC0083DB8F /* NSCache+MiSafe.h */,
				AA633AC5228285BC0083DB8F /* NSCache+MiSafe.m */,
				AA633AC8228285BC0083DB8F /* NSData+MiSafe.h */,
				AA633AC9228285BC0083DB8F /* NSData+MiSafe.m */,
				AA633AC1228285BB0083DB8F /* NSDictionary+MiSafe.h */,
				AA633AC0228285BB0083DB8F /* NSDictionary+MiSafe.m */,
				AA633AC3228285BC0083DB8F /* NSOrderedSet+MiSafe.h */,
				AA633AC2228285BB0083DB8F /* NSOrderedSet+MiSafe.m */,
				AA633AC6228285BC0083DB8F /* NSSet+MiSafe.h */,
				AA633AC4228285BC0083DB8F /* NSSet+MiSafe.m */,
			);
			path = container;
			sourceTree = "<group>";
		};
		AA7DF5EA2269CDFC00C29D8D /* common */ = {
			isa = PBXGroup;
			children = (
				AA633A93228283EC0083DB8F /* NSUserDefaults+MiSafe.h */,
				AA633A94228283EC0083DB8F /* NSUserDefaults+MiSafe.m */,
				AA633AB42282858F0083DB8F /* NSNotificationCenter+MiSafe.h */,
				AA633AB62282858F0083DB8F /* NSNotificationCenter+MiSafe.m */,
				AA633AB72282858F0083DB8F /* NSTimer+MiSafe.h */,
				AA633AB02282858E0083DB8F /* NSTimer+MiSafe.m */,
			);
			path = common;
			sourceTree = "<group>";
		};
/* End PBXGroup section */

/* Begin PBXHeadersBuildPhase section */
		AA7DF5C22269BF3600C29D8D /* Headers */ = {
			isa = PBXHeadersBuildPhase;
			buildActionMask = 2147483647;
			files = (
				AA633A9E2282852F0083DB8F /* MiSafeApp.h in Headers */,
				AA633AA02282852F0083DB8F /* MiSafeModel.h in Headers */,
				AA633AA12282852F0083DB8F /* MiSafeAppHelper.h in Headers */,
				AA633AAD228285630083DB8F /* NSAttributedString+MiSafe.h in Headers */,
				AA633ACB228285BC0083DB8F /* NSDictionary+MiSafe.h in Headers */,
				AA633AD1228285BC0083DB8F /* NSCache+MiSafe.h in Headers */,
				AA633A95228283EC0083DB8F /* NSUserDefaults+MiSafe.h in Headers */,
				AA633ABA2282858F0083DB8F /* NSObject+MiSafeKVC.h in Headers */,
				AA7DF5E42269CCCD00C29D8D /* NSArray+MiSafe.m in Headers */,
				AA7DF5E32269CCCD00C29D8D /* NSArray+MiSafe.h in Headers */,
				AA7DF5E82269CDF000C29D8D /* NSObject+MiSafe.h in Headers */,
				AA633AB92282858F0083DB8F /* NSObject+MiSafeKVO.h in Headers */,
				AA633ABC2282858F0083DB8F /* NSNotificationCenter+MiSafe.h in Headers */,
				AA633ACD228285BC0083DB8F /* NSOrderedSet+MiSafe.h in Headers */,
				AA633AD2228285BC0083DB8F /* NSData+MiSafe.h in Headers */,
				AA633AAF228285630083DB8F /* NSString+MiSafe.h in Headers */,
				AA633AD0228285BC0083DB8F /* NSSet+MiSafe.h in Headers */,
				AA633ABF2282858F0083DB8F /* NSTimer+MiSafe.h in Headers */,
				AA633AAE228285630083DB8F /* NSMutableString+MiSafe.h in Headers */,
			);
			runOnlyForDeploymentPostprocessing = 0;
		};
/* End PBXHeadersBuildPhase section */

/* Begin PBXNativeTarget section */
		AA7DF5C62269BF3600C29D8D /* MISafeApp */ = {
			isa = PBXNativeTarget;
			buildConfigurationList = AA7DF5DB2269BF3600C29D8D /* Build configuration list for PBXNativeTarget "MISafeApp" */;
			buildPhases = (
				AA7DF5C22269BF3600C29D8D /* Headers */,
				AA7DF5C32269BF3600C29D8D /* Sources */,
				AA7DF5C42269BF3600C29D8D /* Frameworks */,
				AA7DF5C52269BF3600C29D8D /* Resources */,
			);
			buildRules = (
			);
			dependencies = (
			);
			name = MISafeApp;
			productName = MISafeApp;
			productReference = AA7DF5C72269BF3600C29D8D /* MISafeApp.framework */;
			productType = "com.apple.product-type.framework";
		};
		AA7DF5CF2269BF3600C29D8D /* MISafeAppTests */ = {
			isa = PBXNativeTarget;
			buildConfigurationList = AA7DF5DE2269BF3600C29D8D /* Build configuration list for PBXNativeTarget "MISafeAppTests" */;
			buildPhases = (
				AA7DF5CC2269BF3600C29D8D /* Sources */,
				AA7DF5CD2269BF3600C29D8D /* Frameworks */,
				AA7DF5CE2269BF3600C29D8D /* Resources */,
			);
			buildRules = (
			);
			dependencies = (
				AA7DF5D32269BF3600C29D8D /* PBXTargetDependency */,
			);
			name = MISafeAppTests;
			productName = MISafeAppTests;
			productReference = AA7DF5D02269BF3600C29D8D /* MISafeAppTests.xctest */;
			productType = "com.apple.product-type.bundle.unit-test";
		};
/* End PBXNativeTarget section */

/* Begin PBXProject section */
		AA7DF5BE2269BF3600C29D8D /* Project object */ = {
			isa = PBXProject;
			attributes = {
				LastUpgradeCheck = 1000;
				ORGANIZATIONNAME = ucloud;
				TargetAttributes = {
					AA7DF5C62269BF3600C29D8D = {
						CreatedOnToolsVersion = 10.0;
					};
					AA7DF5CF2269BF3600C29D8D = {
						CreatedOnToolsVersion = 10.0;
					};
				};
			};
			buildConfigurationList = AA7DF5C12269BF3600C29D8D /* Build configuration list for PBXProject "MISafeApp" */;
			compatibilityVersion = "Xcode 9.3";
			developmentRegion = en;
			hasScannedForEncodings = 0;
			knownRegions = (
				en,
			);
			mainGroup = AA7DF5BD2269BF3600C29D8D;
			productRefGroup = AA7DF5C82269BF3600C29D8D /* Products */;
			projectDirPath = "";
			projectRoot = "";
			targets = (
				AA7DF5C62269BF3600C29D8D /* MISafeApp */,
				AA7DF5CF2269BF3600C29D8D /* MISafeAppTests */,
			);
		};
/* End PBXProject section */

/* Begin PBXResourcesBuildPhase section */
		AA7DF5C52269BF3600C29D8D /* Resources */ = {
			isa = PBXResourcesBuildPhase;
			buildActionMask = 2147483647;
			files = (
			);
			runOnlyForDeploymentPostprocessing = 0;
		};
		AA7DF5CE2269BF3600C29D8D /* Resources */ = {
			isa = PBXResourcesBuildPhase;
			buildActionMask = 2147483647;
			files = (
			);
			runOnlyForDeploymentPostprocessing = 0;
		};
/* End PBXResourcesBuildPhase section */

/* Begin PBXSourcesBuildPhase section */
		AA7DF5C32269BF3600C29D8D /* Sources */ = {
			isa = PBXSourcesBuildPhase;
			buildActionMask = 2147483647;
			files = (
				AA633A96228283EC0083DB8F /* NSUserDefaults+MiSafe.m in Sources */,
				AA633ACF228285BC0083DB8F /* NSCache+MiSafe.m in Sources */,
				AA633AAB228285630083DB8F /* NSMutableString+MiSafe.m in Sources */,
				AA7DF5E92269CDF000C29D8D /* NSObject+MiSafe.m in Sources */,
				AA633ACC228285BC0083DB8F /* NSOrderedSet+MiSafe.m in Sources */,
				AA633AD3228285BC0083DB8F /* NSData+MiSafe.m in Sources */,
				AA633AAA228285630083DB8F /* NSString+MiSafe.m in Sources */,
				AA633AA22282852F0083DB8F /* MiSafeModel.m in Sources */,
				AA633ABD2282858F0083DB8F /* NSObject+MiSafeKVO.m in Sources */,
				AA633AB82282858F0083DB8F /* NSTimer+MiSafe.m in Sources */,
				AA633ACA228285BC0083DB8F /* NSDictionary+MiSafe.m in Sources */,
				AA633AAC228285630083DB8F /* NSAttributedString+MiSafe.m in Sources */,
				AA633ABB2282858F0083DB8F /* NSObject+MiSafeKVC.m in Sources */,
				AA633ABE2282858F0083DB8F /* NSNotificationCenter+MiSafe.m in Sources */,
				AA633ACE228285BC0083DB8F /* NSSet+MiSafe.m in Sources */,
				AA633A9F2282852F0083DB8F /* MiSafeApp.m in Sources */,
			);
			runOnlyForDeploymentPostprocessing = 0;
		};
		AA7DF5CC2269BF3600C29D8D /* Sources */ = {
			isa = PBXSourcesBuildPhase;
			buildActionMask = 2147483647;
			files = (
				AA7DF5D62269BF3600C29D8D /* MISafeAppTests.m in Sources */,
			);
			runOnlyForDeploymentPostprocessing = 0;
		};
/* End PBXSourcesBuildPhase section */

/* Begin PBXTargetDependency section */
		AA7DF5D32269BF3600C29D8D /* PBXTargetDependency */ = {
			isa = PBXTargetDependency;
			target = AA7DF5C62269BF3600C29D8D /* MISafeApp */;
			targetProxy = AA7DF5D22269BF3600C29D8D /* PBXContainerItemProxy */;
		};
/* End PBXTargetDependency section */

/* Begin XCBuildConfiguration section */
		AA7DF5D92269BF3600C29D8D /* Debug */ = {
			isa = XCBuildConfiguration;
			buildSettings = {
				ALWAYS_SEARCH_USER_PATHS = NO;
				CLANG_ANALYZER_NONNULL = YES;
				CLANG_ANALYZER_NUMBER_OBJECT_CONVERSION = YES_AGGRESSIVE;
				CLANG_CXX_LANGUAGE_STANDARD = "gnu++14";
				CLANG_CXX_LIBRARY = "libc++";
				CLANG_ENABLE_MODULES = YES;
				CLANG_ENABLE_OBJC_ARC = YES;
				CLANG_ENABLE_OBJC_WEAK = YES;
				CLANG_WARN_BLOCK_CAPTURE_AUTORELEASING = YES;
				CLANG_WARN_BOOL_CONVERSION = YES;
				CLANG_WARN_COMMA = YES;
				CLANG_WARN_CONSTANT_CONVERSION = YES;
				CLANG_WARN_DEPRECATED_OBJC_IMPLEMENTATIONS = YES;
				CLANG_WARN_DIRECT_OBJC_ISA_USAGE = YES_ERROR;
				CLANG_WARN_DOCUMENTATION_COMMENTS = YES;
				CLANG_WARN_EMPTY_BODY = YES;
				CLANG_WARN_ENUM_CONVERSION = YES;
				CLANG_WARN_INFINITE_RECURSION = YES;
				CLANG_WARN_INT_CONVERSION = YES;
				CLANG_WARN_NON_LITERAL_NULL_CONVERSION = YES;
				CLANG_WARN_OBJC_IMPLICIT_RETAIN_SELF = YES;
				CLANG_WARN_OBJC_LITERAL_CONVERSION = YES;
				CLANG_WARN_OBJC_ROOT_CLASS = YES_ERROR;
				CLANG_WARN_RANGE_LOOP_ANALYSIS = YES;
				CLANG_WARN_STRICT_PROTOTYPES = YES;
				CLANG_WARN_SUSPICIOUS_MOVE = YES;
				CLANG_WARN_UNGUARDED_AVAILABILITY = YES_AGGRESSIVE;
				CLANG_WARN_UNREACHABLE_CODE = YES;
				CLANG_WARN__DUPLICATE_METHOD_MATCH = YES;
				CODE_SIGN_IDENTITY = "iPhone Developer";
				COPY_PHASE_STRIP = NO;
				CURRENT_PROJECT_VERSION = 1;
				DEBUG_INFORMATION_FORMAT = dwarf;
				ENABLE_STRICT_OBJC_MSGSEND = YES;
				ENABLE_TESTABILITY = YES;
				GCC_C_LANGUAGE_STANDARD = gnu11;
				GCC_DYNAMIC_NO_PIC = NO;
				GCC_NO_COMMON_BLOCKS = YES;
				GCC_OPTIMIZATION_LEVEL = 0;
				GCC_PREPROCESSOR_DEFINITIONS = (
					"DEBUG=1",
					"$(inherited)",
				);
				GCC_WARN_64_TO_32_BIT_CONVERSION = YES;
				GCC_WARN_ABOUT_RETURN_TYPE = YES_ERROR;
				GCC_WARN_UNDECLARED_SELECTOR = YES;
				GCC_WARN_UNINITIALIZED_AUTOS = YES_AGGRESSIVE;
				GCC_WARN_UNUSED_FUNCTION = YES;
				GCC_WARN_UNUSED_VARIABLE = YES;
				IPHONEOS_DEPLOYMENT_TARGET = 12.0;
				MTL_ENABLE_DEBUG_INFO = INCLUDE_SOURCE;
				MTL_FAST_MATH = YES;
				ONLY_ACTIVE_ARCH = YES;
				SDKROOT = iphoneos;
				VERSIONING_SYSTEM = "apple-generic";
				VERSION_INFO_PREFIX = "";
			};
			name = Debug;
		};
		AA7DF5DA2269BF3600C29D8D /* Release */ = {
			isa = XCBuildConfiguration;
			buildSettings = {
				ALWAYS_SEARCH_USER_PATHS = NO;
				CLANG_ANALYZER_NONNULL = YES;
				CLANG_ANALYZER_NUMBER_OBJECT_CONVERSION = YES_AGGRESSIVE;
				CLANG_CXX_LANGUAGE_STANDARD = "gnu++14";
				CLANG_CXX_LIBRARY = "libc++";
				CLANG_ENABLE_MODULES = YES;
				CLANG_ENABLE_OBJC_ARC = YES;
				CLANG_ENABLE_OBJC_WEAK = YES;
				CLANG_WARN_BLOCK_CAPTURE_AUTORELEASING = YES;
				CLANG_WARN_BOOL_CONVERSION = YES;
				CLANG_WARN_COMMA = YES;
				CLANG_WARN_CONSTANT_CONVERSION = YES;
				CLANG_WARN_DEPRECATED_OBJC_IMPLEMENTATIONS = YES;
				CLANG_WARN_DIRECT_OBJC_ISA_USAGE = YES_ERROR;
				CLANG_WARN_DOCUMENTATION_COMMENTS = YES;
				CLANG_WARN_EMPTY_BODY = YES;
				CLANG_WARN_ENUM_CONVERSION = YES;
				CLANG_WARN_INFINITE_RECURSION = YES;
				CLANG_WARN_INT_CONVERSION = YES;
				CLANG_WARN_NON_LITERAL_NULL_CONVERSION = YES;
				CLANG_WARN_OBJC_IMPLICIT_RETAIN_SELF = YES;
				CLANG_WARN_OBJC_LITERAL_CONVERSION = YES;
				CLANG_WARN_OBJC_ROOT_CLASS = YES_ERROR;
				CLANG_WARN_RANGE_LOOP_ANALYSIS = YES;
				CLANG_WARN_STRICT_PROTOTYPES = YES;
				CLANG_WARN_SUSPICIOUS_MOVE = YES;
				CLANG_WARN_UNGUARDED_AVAILABILITY = YES_AGGRESSIVE;
				CLANG_WARN_UNREACHABLE_CODE = YES;
				CLANG_WARN__DUPLICATE_METHOD_MATCH = YES;
				CODE_SIGN_IDENTITY = "iPhone Developer";
				COPY_PHASE_STRIP = NO;
				CURRENT_PROJECT_VERSION = 1;
				DEBUG_INFORMATION_FORMAT = "dwarf-with-dsym";
				ENABLE_NS_ASSERTIONS = NO;
				ENABLE_STRICT_OBJC_MSGSEND = YES;
				GCC_C_LANGUAGE_STANDARD = gnu11;
				GCC_NO_COMMON_BLOCKS = YES;
				GCC_WARN_64_TO_32_BIT_CONVERSION = YES;
				GCC_WARN_ABOUT_RETURN_TYPE = YES_ERROR;
				GCC_WARN_UNDECLARED_SELECTOR = YES;
				GCC_WARN_UNINITIALIZED_AUTOS = YES_AGGRESSIVE;
				GCC_WARN_UNUSED_FUNCTION = YES;
				GCC_WARN_UNUSED_VARIABLE = YES;
				IPHONEOS_DEPLOYMENT_TARGET = 12.0;
				MTL_ENABLE_DEBUG_INFO = NO;
				MTL_FAST_MATH = YES;
				SDKROOT = iphoneos;
				VALIDATE_PRODUCT = YES;
				VERSIONING_SYSTEM = "apple-generic";
				VERSION_INFO_PREFIX = "";
			};
			name = Release;
		};
		AA7DF5DC2269BF3600C29D8D /* Debug */ = {
			isa = XCBuildConfiguration;
			buildSettings = {
				CODE_SIGN_IDENTITY = "";
				CODE_SIGN_STYLE = Automatic;
				DEFINES_MODULE = YES;
				DEVELOPMENT_TEAM = CFP9KY4MGC;
				DYLIB_COMPATIBILITY_VERSION = 1;
				DYLIB_CURRENT_VERSION = 1;
				DYLIB_INSTALL_NAME_BASE = "@rpath";
				INFOPLIST_FILE = MISafeApp/Info.plist;
				INSTALL_PATH = "$(LOCAL_LIBRARY_DIR)/Frameworks";
				IPHONEOS_DEPLOYMENT_TARGET = 9.0;
				LD_RUNPATH_SEARCH_PATHS = (
					"$(inherited)",
					"@executable_path/Frameworks",
					"@loader_path/Frameworks",
				);
				MACH_O_TYPE = staticlib;
				OTHER_LDFLAGS = "-all_load";
				PRODUCT_BUNDLE_IDENTIFIER = cn.ucloud.MISafeApp;
				PRODUCT_NAME = "$(TARGET_NAME:c99extidentifier)";
				SKIP_INSTALL = YES;
				TARGETED_DEVICE_FAMILY = "1,2";
			};
			name = Debug;
		};
		AA7DF5DD2269BF3600C29D8D /* Release */ = {
			isa = XCBuildConfiguration;
			buildSettings = {
				CODE_SIGN_IDENTITY = "";
				CODE_SIGN_STYLE = Automatic;
				DEFINES_MODULE = YES;
				DEVELOPMENT_TEAM = CFP9KY4MGC;
				DYLIB_COMPATIBILITY_VERSION = 1;
				DYLIB_CURRENT_VERSION = 1;
				DYLIB_INSTALL_NAME_BASE = "@rpath";
				INFOPLIST_FILE = MISafeApp/Info.plist;
				INSTALL_PATH = "$(LOCAL_LIBRARY_DIR)/Frameworks";
				IPHONEOS_DEPLOYMENT_TARGET = 9.0;
				LD_RUNPATH_SEARCH_PATHS = (
					"$(inherited)",
					"@executable_path/Frameworks",
					"@loader_path/Frameworks",
				);
				MACH_O_TYPE = staticlib;
				OTHER_LDFLAGS = "-all_load";
				PRODUCT_BUNDLE_IDENTIFIER = cn.ucloud.MISafeApp;
				PRODUCT_NAME = "$(TARGET_NAME:c99extidentifier)";
				SKIP_INSTALL = YES;
				TARGETED_DEVICE_FAMILY = "1,2";
			};
			name = Release;
		};
		AA7DF5DF2269BF3600C29D8D /* Debug */ = {
			isa = XCBuildConfiguration;
			buildSettings = {
				CODE_SIGN_STYLE = Automatic;
				DEVELOPMENT_TEAM = CFP9KY4MGC;
				INFOPLIST_FILE = MISafeAppTests/Info.plist;
				LD_RUNPATH_SEARCH_PATHS = (
					"$(inherited)",
					"@executable_path/Frameworks",
					"@loader_path/Frameworks",
				);
				OTHER_LDFLAGS = "-ObjC";
				PRODUCT_BUNDLE_IDENTIFIER = cn.ucloud.MISafeAppTests;
				PRODUCT_NAME = "$(TARGET_NAME)";
				TARGETED_DEVICE_FAMILY = "1,2";
			};
			name = Debug;
		};
		AA7DF5E02269BF3600C29D8D /* Release */ = {
			isa = XCBuildConfiguration;
			buildSettings = {
				CODE_SIGN_STYLE = Automatic;
				DEVELOPMENT_TEAM = CFP9KY4MGC;
				INFOPLIST_FILE = MISafeAppTests/Info.plist;
				LD_RUNPATH_SEARCH_PATHS = (
					"$(inherited)",
					"@executable_path/Frameworks",
					"@loader_path/Frameworks",
				);
				OTHER_LDFLAGS = "-ObjC";
				PRODUCT_BUNDLE_IDENTIFIER = cn.ucloud.MISafeAppTests;
				PRODUCT_NAME = "$(TARGET_NAME)";
				TARGETED_DEVICE_FAMILY = "1,2";
			};
			name = Release;
		};
/* End XCBuildConfiguration section */

/* Begin XCConfigurationList section */
		AA7DF5C12269BF3600C29D8D /* Build configuration list for PBXProject "MISafeApp" */ = {
			isa = XCConfigurationList;
			buildConfigurations = (
				AA7DF5D92269BF3600C29D8D /* Debug */,
				AA7DF5DA2269BF3600C29D8D /* Release */,
			);
			defaultConfigurationIsVisible = 0;
			defaultConfigurationName = Release;
		};
		AA7DF5DB2269BF3600C29D8D /* Build configuration list for PBXNativeTarget "MISafeApp" */ = {
			isa = XCConfigurationList;
			buildConfigurations = (
				AA7DF5DC2269BF3600C29D8D /* Debug */,
				AA7DF5DD2269BF3600C29D8D /* Release */,
			);
			defaultConfigurationIsVisible = 0;
			defaultConfigurationName = Release;
		};
		AA7DF5DE2269BF3600C29D8D /* Build configuration list for PBXNativeTarget "MISafeAppTests" */ = {
			isa = XCConfigurationList;
			buildConfigurations = (
				AA7DF5DF2269BF3600C29D8D /* Debug */,
				AA7DF5E02269BF3600C29D8D /* Release */,
			);
			defaultConfigurationIsVisible = 0;
			defaultConfigurationName = Release;
		};
/* End XCConfigurationList section */
	};
	rootObject = AA7DF5BE2269BF3600C29D8D /* Project object */;
}
